PODS:
  - OMGHTTPURLRQ (3.0.2):
    - OMGHTTPURLRQ/RQ (= 3.0.2)
  - OMGHTTPURLRQ/FormURLEncode (3.0.2)
  - OMGHTTPURLRQ/RQ (3.0.2):
    - OMGHTTPURLRQ/FormURLEncode
    - OMGHTTPURLRQ/UserAgent
  - OMGHTTPURLRQ/UserAgent (3.0.2)
  - PromiseKit (3.0.1):
    - PromiseKit/Foundation (= 3.0.1)
    - PromiseKit/QuartzCore (= 3.0.1)
    - PromiseKit/UIKit (= 3.0.1)
  - PromiseKit/CorePromise (3.0.1)
  - PromiseKit/Foundation (3.0.1):
    - OMGHTTPURLRQ (~> 3.0.0)
    - PromiseKit/CorePromise
  - PromiseKit/QuartzCore (3.0.1):
    - PromiseKit/CorePromise
  - PromiseKit/UIKit (3.0.1):
    - PromiseKit/CorePromise
  - Realm (0.97.0):
    - Realm/Headers (= 0.97.0)
  - Realm/Headers (0.97.0)

DEPENDENCIES:
  - PromiseKit
  - Realm

SPEC CHECKSUMS:
  OMGHTTPURLRQ: 8376dc887d76a5a7e2a67881dc788f917a2f437c
  PromiseKit: 19d12914484a15c25a46f72fde38579204a5dac6
  Realm: b498a6fb9d288b171ff98d0e2d4384c295be8990

COCOAPODS: 0.39.0
