<?xml version="1.0" encoding="UTF-8"?>
<Scheme
   LastUpgradeVersion = "0630"
   version = "1.3">
   <BuildAction
      parallelizeBuildables = "YES"
      buildImplicitDependencies = "YES">
      <BuildActionEntries>
         <BuildActionEntry
            buildForTesting = "YES"
            buildForRunning = "YES"
            buildForProfiling = "YES"
            buildForArchiving = "YES"
            buildForAnalyzing = "YES">
            <BuildableReference
               BuildableIdentifier = "primary"
               BlueprintIdentifier = "57C8DAF81AB8C968007F2E42"
               BuildableName = "libKinvey.a"
               BlueprintName = "Kinvey"
               ReferencedContainer = "container:KinveyKit.xcodeproj">
            </BuildableReference>
         </BuildActionEntry>
         <BuildActionEntry
            buildForTesting = "YES"
            buildForRunning = "YES"
            buildForProfiling = "NO"
            buildForArchiving = "NO"
            buildForAnalyzing = "YES">
            <BuildableReference
               BuildableIdentifier = "primary"
               BlueprintIdentifier = "57C8DB021AB8C968007F2E42"
               BuildableName = "KinveyTests.xctest"
               BlueprintName = "KinveyTests"
               ReferencedContainer = "container:KinveyKit.xcodeproj">
            </BuildableReference>
         </BuildActionEntry>
      </BuildActionEntries>
   </BuildAction>
   <TestAction
      selectedDebuggerIdentifier = "Xcode.DebuggerFoundation.Debugger.LLDB"
      selectedLauncherIdentifier = "Xcode.DebuggerFoundation.Launcher.LLDB"
      shouldUseLaunchSchemeArgsEnv = "YES"
      buildConfiguration = "Debug">
      <Testables>
         <TestableReference
            skipped = "NO">
            <BuildableReference
               BuildableIdentifier = "primary"
               BlueprintIdentifier = "57C8DB021AB8C968007F2E42"
               BuildableName = "KinveyTests.xctest"
               BlueprintName = "KinveyTests"
               ReferencedContainer = "container:KinveyKit.xcodeproj">
            </BuildableReference>
            <SkippedTests>
               <Test
                  Identifier = "EmptyResponseDataTests">
               </Test>
               <Test
                  Identifier = "KASTest">
               </Test>
               <Test
                  Identifier = "KCSCachedStoreTests">
               </Test>
               <Test
                  Identifier = "KCSFileStoreTests">
               </Test>
               <Test
                  Identifier = "KCSFileStoreTestsSwift">
               </Test>
               <Test
                  Identifier = "KCSLinkedAppdataStoreTests">
               </Test>
               <Test
                  Identifier = "KCSLogTests">
               </Test>
               <Test
                  Identifier = "KCSLogTestsAllDisabled">
               </Test>
               <Test
                  Identifier = "KCSLogTestsAllEnabled">
               </Test>
               <Test
                  Identifier = "KCSOfflineStoreTests">
               </Test>
               <Test
                  Identifier = "KCSProtocolTestsIdNotString">
               </Test>
               <Test
                  Identifier = "KCSProtocolTestsKmdLmtMissing">
               </Test>
               <Test
                  Identifier = "KCSProtocolTestsKmdMissing">
               </Test>
               <Test
                  Identifier = "KCSProtocolTestsResponseContentType">
               </Test>
               <Test
                  Identifier = "KCSProtocolTestsWrongJsonRootType">
               </Test>
               <Test
                  Identifier = "KCSQueryTests">
               </Test>
               <Test
                  Identifier = "KCSRequest2Tests">
               </Test>
               <Test
                  Identifier = "KCSTestCase">
               </Test>
               <Test
                  Identifier = "KCSUserSocialExtrasTest">
               </Test>
               <Test
                  Identifier = "KCSUserTests">
               </Test>
               <Test
                  Identifier = "KinveyAppdataStoreTests">
               </Test>
               <Test
                  Identifier = "KinveyKitEntityDictTests">
               </Test>
               <Test
                  Identifier = "KinveyKitQueryTests">
               </Test>
               <Test
                  Identifier = "KinveyKitUserTests">
               </Test>
               <Test
                  Identifier = "KinveyUserDiscoveryTests">
               </Test>
               <Test
                  Identifier = "MICTests">
               </Test>
               <Test
                  Identifier = "MLIBZ_239_Tests">
               </Test>
               <Test
                  Identifier = "MLIBZ_248_Tests">
               </Test>
               <Test
                  Identifier = "MLIBZ_256_Tests">
               </Test>
               <Test
                  Identifier = "MLIBZ_260_Tests">
               </Test>
               <Test
                  Identifier = "MLIBZ_290_Tests">
               </Test>
               <Test
                  Identifier = "MLIBZ_364_Tests">
               </Test>
               <Test
                  Identifier = "MLIBZ_371_Tests">
               </Test>
               <Test
                  Identifier = "MemoryLeakTests">
               </Test>
               <Test
                  Identifier = "NetworkObserverTest">
               </Test>
               <Test
                  Identifier = "OfflineTests">
               </Test>
               <Test
                  Identifier = "PlatformUtilsTest">
               </Test>
               <Test
                  Identifier = "Query2Tests">
               </Test>
               <Test
                  Identifier = "RequestConfigurationTests">
               </Test>
               <Test
                  Identifier = "RequestConfigurationTestsComplexHttpRequestHeaders">
               </Test>
               <Test
                  Identifier = "RequestConfigurationTestsGlobalHttpRequestHeaders">
               </Test>
               <Test
                  Identifier = "RequestConfigurationTestsHttpRequestHeaders">
               </Test>
               <Test
                  Identifier = "TestThreads">
               </Test>
               <Test
                  Identifier = "ThreadTests">
               </Test>
               <Test
                  Identifier = "User2Tests">
               </Test>
            </SkippedTests>
         </TestableReference>
      </Testables>
      <MacroExpansion>
         <BuildableReference
            BuildableIdentifier = "primary"
            BlueprintIdentifier = "57C8DAF81AB8C968007F2E42"
            BuildableName = "libKinvey.a"
            BlueprintName = "Kinvey"
            ReferencedContainer = "container:KinveyKit.xcodeproj">
         </BuildableReference>
      </MacroExpansion>
   </TestAction>
   <LaunchAction
      selectedDebuggerIdentifier = "Xcode.DebuggerFoundation.Debugger.LLDB"
      selectedLauncherIdentifier = "Xcode.DebuggerFoundation.Launcher.LLDB"
      launchStyle = "0"
      useCustomWorkingDirectory = "NO"
      buildConfiguration = "Debug"
      ignoresPersistentStateOnLaunch = "NO"
      debugDocumentVersioning = "YES"
      allowLocationSimulation = "YES">
      <MacroExpansion>
         <BuildableReference
            BuildableIdentifier = "primary"
            BlueprintIdentifier = "57C8DAF81AB8C968007F2E42"
            BuildableName = "libKinvey.a"
            BlueprintName = "Kinvey"
            ReferencedContainer = "container:KinveyKit.xcodeproj">
         </BuildableReference>
      </MacroExpansion>
      <AdditionalOptions>
      </AdditionalOptions>
   </LaunchAction>
   <ProfileAction
      shouldUseLaunchSchemeArgsEnv = "YES"
      savedToolIdentifier = ""
      useCustomWorkingDirectory = "NO"
      buildConfiguration = "Release"
      debugDocumentVersioning = "YES">
      <MacroExpansion>
         <BuildableReference
            BuildableIdentifier = "primary"
            BlueprintIdentifier = "57C8DAF81AB8C968007F2E42"
            BuildableName = "libKinvey.a"
            BlueprintName = "Kinvey"
            ReferencedContainer = "container:KinveyKit.xcodeproj">
         </BuildableReference>
      </MacroExpansion>
   </ProfileAction>
   <AnalyzeAction
      buildConfiguration = "Debug">
   </AnalyzeAction>
   <ArchiveAction
      buildConfiguration = "Release"
      revealArchiveInOrganizer = "YES">
   </ArchiveAction>
</Scheme>
