// !$*UTF8*$!
{
	archiveVersion = 1;
	classes = {
	};
	objectVersion = 46;
	objects = {

/* Begin PBXBuildFile section */
		D30F7DDE14743C2F0005D2EC /* metal_kinvey_1280x800.png in Resources */ = {isa = PBXBuildFile; fileRef = D30F7DDD14743C2F0005D2EC /* metal_kinvey_1280x800.png */; };
		D32A64F014717B4800F77A3F /* UIKit.framework in Frameworks */ = {isa = PBXBuildFile; fileRef = D32A64EF14717B4800F77A3F /* UIKit.framework */; };
		D32A64F214717B4800F77A3F /* Foundation.framework in Frameworks */ = {isa = PBXBuildFile; fileRef = D32A64F114717B4800F77A3F /* Foundation.framework */; };
		D32A64F414717B4800F77A3F /* CoreGraphics.framework in Frameworks */ = {isa = PBXBuildFile; fileRef = D32A64F314717B4800F77A3F /* CoreGraphics.framework */; };
		D32A64FA14717B4800F77A3F /* InfoPlist.strings in Resources */ = {isa = PBXBuildFile; fileRef = D32A64F814717B4800F77A3F /* InfoPlist.strings */; };
		D32A64FC14717B4800F77A3F /* main.m in Sources */ = {isa = PBXBuildFile; fileRef = D32A64FB14717B4800F77A3F /* main.m */; };
		D32A650014717B4800F77A3F /* KCSAppDelegate.m in Sources */ = {isa = PBXBuildFile; fileRef = D32A64FF14717B4800F77A3F /* KCSAppDelegate.m */; };
		D32A650314717B4800F77A3F /* KCSViewController.m in Sources */ = {isa = PBXBuildFile; fileRef = D32A650214717B4800F77A3F /* KCSViewController.m */; };
		D32A650614717B4800F77A3F /* KCSViewController.xib in Resources */ = {isa = PBXBuildFile; fileRef = D32A650414717B4800F77A3F /* KCSViewController.xib */; };
		D32A65181471A55600F77A3F /* CFNetwork.framework in Frameworks */ = {isa = PBXBuildFile; fileRef = D32A65171471A55600F77A3F /* CFNetwork.framework */; };
		D32A651C1471A57700F77A3F /* MobileCoreServices.framework in Frameworks */ = {isa = PBXBuildFile; fileRef = D32A65191471A57700F77A3F /* MobileCoreServices.framework */; };
		D32A651D1471A57700F77A3F /* Security.framework in Frameworks */ = {isa = PBXBuildFile; fileRef = D32A651A1471A57700F77A3F /* Security.framework */; };
		D32A651E1471A57700F77A3F /* SystemConfiguration.framework in Frameworks */ = {isa = PBXBuildFile; fileRef = D32A651B1471A57700F77A3F /* SystemConfiguration.framework */; };
		D32A65201471A5BA00F77A3F /* StoreKit.framework in Frameworks */ = {isa = PBXBuildFile; fileRef = D32A651F1471A5BA00F77A3F /* StoreKit.framework */; };
		D32A65231471A5E300F77A3F /* libsqlite3.dylib in Frameworks */ = {isa = PBXBuildFile; fileRef = D32A65211471A5E300F77A3F /* libsqlite3.dylib */; };
		D32A65241471A5E300F77A3F /* libz.dylib in Frameworks */ = {isa = PBXBuildFile; fileRef = D32A65221471A5E300F77A3F /* libz.dylib */; };
		D32A65261471A5FC00F77A3F /* CoreTelephony.framework in Frameworks */ = {isa = PBXBuildFile; fileRef = D32A65251471A5FC00F77A3F /* CoreTelephony.framework */; };
		D3503D20149B98B200460879 /* KinveyKit.framework in Frameworks */ = {isa = PBXBuildFile; fileRef = D3503D1F149B98B200460879 /* KinveyKit.framework */; };
		D35E07DB1471D5B100DD9E41 /* logo57.png in Resources */ = {isa = PBXBuildFile; fileRef = D35E07DA1471D5B100DD9E41 /* logo57.png */; };
		D35E07DE1471D5B400DD9E41 /* logo114.png in Resources */ = {isa = PBXBuildFile; fileRef = D35E07DD1471D5B400DD9E41 /* logo114.png */; };
		D35E07E01471D63300DD9E41 /* twitter_round_57.png in Resources */ = {isa = PBXBuildFile; fileRef = D35E07DF1471D63300DD9E41 /* twitter_round_57.png */; };
		D35E07E31471D75700DD9E41 /* KitTestObject.m in Sources */ = {isa = PBXBuildFile; fileRef = D35E07E21471D75700DD9E41 /* KitTestObject.m */; };
		D35E07F21471F98500DD9E41 /* libUAirship-1.1.1.a in Frameworks */ = {isa = PBXBuildFile; fileRef = D35E07F11471F98500DD9E41 /* libUAirship-1.1.1.a */; };
		D3C5E6A51474B595002D8F2B /* ImageViewController.m in Sources */ = {isa = PBXBuildFile; fileRef = D3C5E6A41474B595002D8F2B /* ImageViewController.m */; };
		D3C5E6A71474B61A002D8F2B /* ImageView.xib in Resources */ = {isa = PBXBuildFile; fileRef = D3C5E6A61474B61A002D8F2B /* ImageView.xib */; };
		D3C5E6AB1474B930002D8F2B /* RootViewController.m in Sources */ = {isa = PBXBuildFile; fileRef = D3C5E6A91474B930002D8F2B /* RootViewController.m */; };
		D3C5E6AC1474B930002D8F2B /* RootViewController.xib in Resources */ = {isa = PBXBuildFile; fileRef = D3C5E6AA1474B930002D8F2B /* RootViewController.xib */; };
/* End PBXBuildFile section */

/* Begin PBXFileReference section */
		D30F7DDD14743C2F0005D2EC /* metal_kinvey_1280x800.png */ = {isa = PBXFileReference; lastKnownFileType = image.png; name = metal_kinvey_1280x800.png; path = KitTest/metal_kinvey_1280x800.png; sourceTree = SOURCE_ROOT; };
		D32A64EB14717B4800F77A3F /* KitTest.app */ = {isa = PBXFileReference; explicitFileType = wrapper.application; includeInIndex = 0; path = KitTest.app; sourceTree = BUILT_PRODUCTS_DIR; };
		D32A64EF14717B4800F77A3F /* UIKit.framework */ = {isa = PBXFileReference; lastKnownFileType = wrapper.framework; name = UIKit.framework; path = System/Library/Frameworks/UIKit.framework; sourceTree = SDKROOT; };
		D32A64F114717B4800F77A3F /* Foundation.framework */ = {isa = PBXFileReference; lastKnownFileType = wrapper.framework; name = Foundation.framework; path = System/Library/Frameworks/Foundation.framework; sourceTree = SDKROOT; };
		D32A64F314717B4800F77A3F /* CoreGraphics.framework */ = {isa = PBXFileReference; lastKnownFileType = wrapper.framework; name = CoreGraphics.framework; path = System/Library/Frameworks/CoreGraphics.framework; sourceTree = SDKROOT; };
		D32A64F714717B4800F77A3F /* KitTest-Info.plist */ = {isa = PBXFileReference; lastKnownFileType = text.plist.xml; path = "KitTest-Info.plist"; sourceTree = "<group>"; };
		D32A64F914717B4800F77A3F /* en */ = {isa = PBXFileReference; lastKnownFileType = text.plist.strings; name = en; path = en.lproj/InfoPlist.strings; sourceTree = "<group>"; };
		D32A64FB14717B4800F77A3F /* main.m */ = {isa = PBXFileReference; lastKnownFileType = sourcecode.c.objc; path = main.m; sourceTree = "<group>"; };
		D32A64FD14717B4800F77A3F /* KitTest-Prefix.pch */ = {isa = PBXFileReference; lastKnownFileType = sourcecode.c.h; path = "KitTest-Prefix.pch"; sourceTree = "<group>"; };
		D32A64FE14717B4800F77A3F /* KCSAppDelegate.h */ = {isa = PBXFileReference; lastKnownFileType = sourcecode.c.h; path = KCSAppDelegate.h; sourceTree = "<group>"; };
		D32A64FF14717B4800F77A3F /* KCSAppDelegate.m */ = {isa = PBXFileReference; lastKnownFileType = sourcecode.c.objc; path = KCSAppDelegate.m; sourceTree = "<group>"; };
		D32A650114717B4800F77A3F /* KCSViewController.h */ = {isa = PBXFileReference; lastKnownFileType = sourcecode.c.h; path = KCSViewController.h; sourceTree = "<group>"; };
		D32A650214717B4800F77A3F /* KCSViewController.m */ = {isa = PBXFileReference; lastKnownFileType = sourcecode.c.objc; path = KCSViewController.m; sourceTree = "<group>"; };
		D32A650514717B4800F77A3F /* en */ = {isa = PBXFileReference; lastKnownFileType = file.xib; name = en; path = en.lproj/KCSViewController.xib; sourceTree = "<group>"; };
		D32A65171471A55600F77A3F /* CFNetwork.framework */ = {isa = PBXFileReference; lastKnownFileType = wrapper.framework; name = CFNetwork.framework; path = System/Library/Frameworks/CFNetwork.framework; sourceTree = SDKROOT; };
		D32A65191471A57700F77A3F /* MobileCoreServices.framework */ = {isa = PBXFileReference; lastKnownFileType = wrapper.framework; name = MobileCoreServices.framework; path = System/Library/Frameworks/MobileCoreServices.framework; sourceTree = SDKROOT; };
		D32A651A1471A57700F77A3F /* Security.framework */ = {isa = PBXFileReference; lastKnownFileType = wrapper.framework; name = Security.framework; path = System/Library/Frameworks/Security.framework; sourceTree = SDKROOT; };
		D32A651B1471A57700F77A3F /* SystemConfiguration.framework */ = {isa = PBXFileReference; lastKnownFileType = wrapper.framework; name = SystemConfiguration.framework; path = System/Library/Frameworks/SystemConfiguration.framework; sourceTree = SDKROOT; };
		D32A651F1471A5BA00F77A3F /* StoreKit.framework */ = {isa = PBXFileReference; lastKnownFileType = wrapper.framework; name = StoreKit.framework; path = System/Library/Frameworks/StoreKit.framework; sourceTree = SDKROOT; };
		D32A65211471A5E300F77A3F /* libsqlite3.dylib */ = {isa = PBXFileReference; lastKnownFileType = "compiled.mach-o.dylib"; name = libsqlite3.dylib; path = usr/lib/libsqlite3.dylib; sourceTree = SDKROOT; };
		D32A65221471A5E300F77A3F /* libz.dylib */ = {isa = PBXFileReference; lastKnownFileType = "compiled.mach-o.dylib"; name = libz.dylib; path = usr/lib/libz.dylib; sourceTree = SDKROOT; };
		D32A65251471A5FC00F77A3F /* CoreTelephony.framework */ = {isa = PBXFileReference; lastKnownFileType = wrapper.framework; name = CoreTelephony.framework; path = System/Library/Frameworks/CoreTelephony.framework; sourceTree = SDKROOT; };
		D3503D1F149B98B200460879 /* KinveyKit.framework */ = {isa = PBXFileReference; lastKnownFileType = wrapper.framework; name = KinveyKit.framework; path = "../../KinveyKit/build/Debug-iphoneos/KinveyKit.framework"; sourceTree = "<group>"; };
		D35E07DA1471D5B100DD9E41 /* logo57.png */ = {isa = PBXFileReference; lastKnownFileType = image.png; path = logo57.png; sourceTree = "<group>"; };
		D35E07DD1471D5B400DD9E41 /* logo114.png */ = {isa = PBXFileReference; lastKnownFileType = image.png; path = logo114.png; sourceTree = "<group>"; };
		D35E07DF1471D63300DD9E41 /* twitter_round_57.png */ = {isa = PBXFileReference; lastKnownFileType = image.png; path = twitter_round_57.png; sourceTree = "<group>"; };
		D35E07E11471D75700DD9E41 /* KitTestObject.h */ = {isa = PBXFileReference; fileEncoding = 4; lastKnownFileType = sourcecode.c.h; path = KitTestObject.h; sourceTree = "<group>"; };
		D35E07E21471D75700DD9E41 /* KitTestObject.m */ = {isa = PBXFileReference; fileEncoding = 4; lastKnownFileType = sourcecode.c.objc; path = KitTestObject.m; sourceTree = "<group>"; };
		D35E07F11471F98500DD9E41 /* libUAirship-1.1.1.a */ = {isa = PBXFileReference; lastKnownFileType = archive.ar; name = "libUAirship-1.1.1.a"; path = "Airship/libUAirship-1.1.1.a"; sourceTree = "<group>"; };
		D3C5E6A31474B595002D8F2B /* ImageViewController.h */ = {isa = PBXFileReference; fileEncoding = 4; lastKnownFileType = sourcecode.c.h; path = ImageViewController.h; sourceTree = "<group>"; };
		D3C5E6A41474B595002D8F2B /* ImageViewController.m */ = {isa = PBXFileReference; fileEncoding = 4; lastKnownFileType = sourcecode.c.objc; path = ImageViewController.m; sourceTree = "<group>"; };
		D3C5E6A61474B61A002D8F2B /* ImageView.xib */ = {isa = PBXFileReference; fileEncoding = 4; lastKnownFileType = file.xib; path = ImageView.xib; sourceTree = "<group>"; };
		D3C5E6A81474B930002D8F2B /* RootViewController.h */ = {isa = PBXFileReference; fileEncoding = 4; lastKnownFileType = sourcecode.c.h; path = RootViewController.h; sourceTree = "<group>"; };
		D3C5E6A91474B930002D8F2B /* RootViewController.m */ = {isa = PBXFileReference; fileEncoding = 4; lastKnownFileType = sourcecode.c.objc; path = RootViewController.m; sourceTree = "<group>"; };
		D3C5E6AA1474B930002D8F2B /* RootViewController.xib */ = {isa = PBXFileReference; fileEncoding = 4; lastKnownFileType = file.xib; path = RootViewController.xib; sourceTree = "<group>"; };
/* End PBXFileReference section */

/* Begin PBXFrameworksBuildPhase section */
		D32A64E814717B4800F77A3F /* Frameworks */ = {
			isa = PBXFrameworksBuildPhase;
			buildActionMask = 2147483647;
			files = (
				D35E07F21471F98500DD9E41 /* libUAirship-1.1.1.a in Frameworks */,
				D32A65261471A5FC00F77A3F /* CoreTelephony.framework in Frameworks */,
				D32A65231471A5E300F77A3F /* libsqlite3.dylib in Frameworks */,
				D32A65241471A5E300F77A3F /* libz.dylib in Frameworks */,
				D32A65201471A5BA00F77A3F /* StoreKit.framework in Frameworks */,
				D32A651C1471A57700F77A3F /* MobileCoreServices.framework in Frameworks */,
				D32A651D1471A57700F77A3F /* Security.framework in Frameworks */,
				D32A651E1471A57700F77A3F /* SystemConfiguration.framework in Frameworks */,
				D32A65181471A55600F77A3F /* CFNetwork.framework in Frameworks */,
				D32A64F014717B4800F77A3F /* UIKit.framework in Frameworks */,
				D32A64F214717B4800F77A3F /* Foundation.framework in Frameworks */,
				D32A64F414717B4800F77A3F /* CoreGraphics.framework in Frameworks */,
				D3503D20149B98B200460879 /* KinveyKit.framework in Frameworks */,
			);
			runOnlyForDeploymentPostprocessing = 0;
		};
/* End PBXFrameworksBuildPhase section */

/* Begin PBXGroup section */
		D32A64E014717B4800F77A3F = {
			isa = PBXGroup;
			children = (
				D35E07DF1471D63300DD9E41 /* twitter_round_57.png */,
				D35E07DD1471D5B400DD9E41 /* logo114.png */,
				D35E07DA1471D5B100DD9E41 /* logo57.png */,
				D32A64F514717B4800F77A3F /* KitTest */,
				D32A64EE14717B4800F77A3F /* Frameworks */,
				D32A64EC14717B4800F77A3F /* Products */,
			);
			sourceTree = "<group>";
		};
		D32A64EC14717B4800F77A3F /* Products */ = {
			isa = PBXGroup;
			children = (
				D32A64EB14717B4800F77A3F /* KitTest.app */,
			);
			name = Products;
			sourceTree = "<group>";
		};
		D32A64EE14717B4800F77A3F /* Frameworks */ = {
			isa = PBXGroup;
			children = (
				D3503D1F149B98B200460879 /* KinveyKit.framework */,
				D32A65251471A5FC00F77A3F /* CoreTelephony.framework */,
				D32A65211471A5E300F77A3F /* libsqlite3.dylib */,
				D35E07F11471F98500DD9E41 /* libUAirship-1.1.1.a */,
				D32A65221471A5E300F77A3F /* libz.dylib */,
				D32A651F1471A5BA00F77A3F /* StoreKit.framework */,
				D32A65191471A57700F77A3F /* MobileCoreServices.framework */,
				D32A651A1471A57700F77A3F /* Security.framework */,
				D32A651B1471A57700F77A3F /* SystemConfiguration.framework */,
				D32A65171471A55600F77A3F /* CFNetwork.framework */,
				D32A64EF14717B4800F77A3F /* UIKit.framework */,
				D32A64F114717B4800F77A3F /* Foundation.framework */,
				D32A64F314717B4800F77A3F /* CoreGraphics.framework */,
			);
			name = Frameworks;
			sourceTree = "<group>";
		};
		D32A64F514717B4800F77A3F /* KitTest */ = {
			isa = PBXGroup;
			children = (
				D32A64FE14717B4800F77A3F /* KCSAppDelegate.h */,
				D3C5E6A31474B595002D8F2B /* ImageViewController.h */,
				D3C5E6A41474B595002D8F2B /* ImageViewController.m */,
				D32A64FF14717B4800F77A3F /* KCSAppDelegate.m */,
				D32A650114717B4800F77A3F /* KCSViewController.h */,
				D32A650214717B4800F77A3F /* KCSViewController.m */,
				D3C5E6A81474B930002D8F2B /* RootViewController.h */,
				D3C5E6A91474B930002D8F2B /* RootViewController.m */,
				D3C5E6AA1474B930002D8F2B /* RootViewController.xib */,
				D32A650414717B4800F77A3F /* KCSViewController.xib */,
				D3C5E6A61474B61A002D8F2B /* ImageView.xib */,
				D32A64F614717B4800F77A3F /* Supporting Files */,
				D35E07E11471D75700DD9E41 /* KitTestObject.h */,
				D35E07E21471D75700DD9E41 /* KitTestObject.m */,
			);
			path = KitTest;
			sourceTree = "<group>";
		};
		D32A64F614717B4800F77A3F /* Supporting Files */ = {
			isa = PBXGroup;
			children = (
				D30F7DDD14743C2F0005D2EC /* metal_kinvey_1280x800.png */,
				D32A64F714717B4800F77A3F /* KitTest-Info.plist */,
				D32A64F814717B4800F77A3F /* InfoPlist.strings */,
				D32A64FB14717B4800F77A3F /* main.m */,
				D32A64FD14717B4800F77A3F /* KitTest-Prefix.pch */,
			);
			name = "Supporting Files";
			sourceTree = "<group>";
		};
/* End PBXGroup section */

/* Begin PBXNativeTarget section */
		D32A64EA14717B4800F77A3F /* KitTest */ = {
			isa = PBXNativeTarget;
			buildConfigurationList = D32A650914717B4800F77A3F /* Build configuration list for PBXNativeTarget "KitTest" */;
			buildPhases = (
				D32A64E714717B4800F77A3F /* Sources */,
				D32A64E814717B4800F77A3F /* Frameworks */,
				D32A64E914717B4800F77A3F /* Resources */,
			);
			buildRules = (
			);
			dependencies = (
			);
			name = KitTest;
			productName = KitTest;
			productReference = D32A64EB14717B4800F77A3F /* KitTest.app */;
			productType = "com.apple.product-type.application";
		};
/* End PBXNativeTarget section */

/* Begin PBXProject section */
		D32A64E214717B4800F77A3F /* Project object */ = {
			isa = PBXProject;
			attributes = {
				LastUpgradeCheck = 0430;
				ORGANIZATIONNAME = Kinvey;
			};
			buildConfigurationList = D32A64E514717B4800F77A3F /* Build configuration list for PBXProject "KitTest" */;
			compatibilityVersion = "Xcode 3.2";
			developmentRegion = English;
			hasScannedForEncodings = 0;
			knownRegions = (
				en,
			);
			mainGroup = D32A64E014717B4800F77A3F;
			productRefGroup = D32A64EC14717B4800F77A3F /* Products */;
			projectDirPath = "";
			projectRoot = "";
			targets = (
				D32A64EA14717B4800F77A3F /* KitTest */,
			);
		};
/* End PBXProject section */

/* Begin PBXResourcesBuildPhase section */
		D32A64E914717B4800F77A3F /* Resources */ = {
			isa = PBXResourcesBuildPhase;
			buildActionMask = 2147483647;
			files = (
				D32A64FA14717B4800F77A3F /* InfoPlist.strings in Resources */,
				D32A650614717B4800F77A3F /* KCSViewController.xib in Resources */,
				D35E07DB1471D5B100DD9E41 /* logo57.png in Resources */,
				D35E07DE1471D5B400DD9E41 /* logo114.png in Resources */,
				D35E07E01471D63300DD9E41 /* twitter_round_57.png in Resources */,
				D30F7DDE14743C2F0005D2EC /* metal_kinvey_1280x800.png in Resources */,
				D3C5E6A71474B61A002D8F2B /* ImageView.xib in Resources */,
				D3C5E6AC1474B930002D8F2B /* RootViewController.xib in Resources */,
			);
			runOnlyForDeploymentPostprocessing = 0;
		};
/* End PBXResourcesBuildPhase section */

/* Begin PBXSourcesBuildPhase section */
		D32A64E714717B4800F77A3F /* Sources */ = {
			isa = PBXSourcesBuildPhase;
			buildActionMask = 2147483647;
			files = (
				D32A64FC14717B4800F77A3F /* main.m in Sources */,
				D32A650014717B4800F77A3F /* KCSAppDelegate.m in Sources */,
				D32A650314717B4800F77A3F /* KCSViewController.m in Sources */,
				D35E07E31471D75700DD9E41 /* KitTestObject.m in Sources */,
				D3C5E6A51474B595002D8F2B /* ImageViewController.m in Sources */,
				D3C5E6AB1474B930002D8F2B /* RootViewController.m in Sources */,
			);
			runOnlyForDeploymentPostprocessing = 0;
		};
/* End PBXSourcesBuildPhase section */

/* Begin PBXVariantGroup section */
		D32A64F814717B4800F77A3F /* InfoPlist.strings */ = {
			isa = PBXVariantGroup;
			children = (
				D32A64F914717B4800F77A3F /* en */,
			);
			name = InfoPlist.strings;
			sourceTree = "<group>";
		};
		D32A650414717B4800F77A3F /* KCSViewController.xib */ = {
			isa = PBXVariantGroup;
			children = (
				D32A650514717B4800F77A3F /* en */,
			);
			name = KCSViewController.xib;
			sourceTree = "<group>";
		};
/* End PBXVariantGroup section */

/* Begin XCBuildConfiguration section */
		D32A650714717B4800F77A3F /* Debug */ = {
			isa = XCBuildConfiguration;
			buildSettings = {
				ALWAYS_SEARCH_USER_PATHS = NO;
				ARCHS = "$(ARCHS_STANDARD_32_BIT)";
				"CODE_SIGN_IDENTITY[sdk=iphoneos*]" = "iPhone Developer";
				COPY_PHASE_STRIP = NO;
				GCC_C_LANGUAGE_STANDARD = gnu99;
				GCC_DYNAMIC_NO_PIC = NO;
				GCC_OPTIMIZATION_LEVEL = 0;
				GCC_PREPROCESSOR_DEFINITIONS = (
					"DEBUG=1",
					"$(inherited)",
				);
				GCC_SYMBOLS_PRIVATE_EXTERN = NO;
				GCC_VERSION = com.apple.compilers.llvm.clang.1_0;
				GCC_WARN_ABOUT_MISSING_PROTOTYPES = YES;
				GCC_WARN_ABOUT_RETURN_TYPE = YES;
				GCC_WARN_UNUSED_VARIABLE = YES;
				IPHONEOS_DEPLOYMENT_TARGET = 4.3;
				SDKROOT = iphoneos;
			};
			name = Debug;
		};
		D32A650814717B4800F77A3F /* Release */ = {
			isa = XCBuildConfiguration;
			buildSettings = {
				ALWAYS_SEARCH_USER_PATHS = NO;
				ARCHS = "$(ARCHS_STANDARD_32_BIT)";
				"CODE_SIGN_IDENTITY[sdk=iphoneos*]" = "iPhone Developer";
				COPY_PHASE_STRIP = YES;
				GCC_C_LANGUAGE_STANDARD = gnu99;
				GCC_VERSION = com.apple.compilers.llvm.clang.1_0;
				GCC_WARN_ABOUT_MISSING_PROTOTYPES = YES;
				GCC_WARN_ABOUT_RETURN_TYPE = YES;
				GCC_WARN_UNUSED_VARIABLE = YES;
				IPHONEOS_DEPLOYMENT_TARGET = 4.3;
				OTHER_CFLAGS = "-DNS_BLOCK_ASSERTIONS=1";
				SDKROOT = iphoneos;
				VALIDATE_PRODUCT = YES;
			};
			name = Release;
		};
		D32A650A14717B4800F77A3F /* Debug */ = {
			isa = XCBuildConfiguration;
			buildSettings = {
				CODE_SIGN_IDENTITY = "iPhone Developer";
				FRAMEWORK_SEARCH_PATHS = (
					"$(inherited)",
					"\"$(SRCROOT)\"",
					"\"$(SRCROOT)/../../KinveyKit/build/Debug-iphoneos\"",
				);
				GCC_PRECOMPILE_PREFIX_HEADER = YES;
				GCC_PREFIX_HEADER = "KitTest/KitTest-Prefix.pch";
				INFOPLIST_FILE = "KitTest/KitTest-Info.plist";
				LIBRARY_SEARCH_PATHS = (
					"$(inherited)",
					"\"$(SRCROOT)/Airship\"",
				);
				OTHER_LDFLAGS = "-ObjC";
				PRODUCT_NAME = "$(TARGET_NAME)";
				PROVISIONING_PROFILE = "";
				WRAPPER_EXTENSION = app;
			};
			name = Debug;
		};
		D32A650B14717B4800F77A3F /* Release */ = {
			isa = XCBuildConfiguration;
			buildSettings = {
				CODE_SIGN_IDENTITY = "iPhone Developer";
				FRAMEWORK_SEARCH_PATHS = (
					"$(inherited)",
					"\"$(SRCROOT)\"",
					"\"$(SRCROOT)/../../KinveyKit/build/Debug-iphoneos\"",
				);
				GCC_PRECOMPILE_PREFIX_HEADER = YES;
				GCC_PREFIX_HEADER = "KitTest/KitTest-Prefix.pch";
				INFOPLIST_FILE = "KitTest/KitTest-Info.plist";
				LIBRARY_SEARCH_PATHS = (
					"$(inherited)",
					"\"$(SRCROOT)/Airship\"",
				);
				OTHER_LDFLAGS = "-ObjC";
				PRODUCT_NAME = "$(TARGET_NAME)";
				PROVISIONING_PROFILE = "";
				WRAPPER_EXTENSION = app;
			};
			name = Release;
		};
/* End XCBuildConfiguration section */

/* Begin XCConfigurationList section */
		D32A64E514717B4800F77A3F /* Build configuration list for PBXProject "KitTest" */ = {
			isa = XCConfigurationList;
			buildConfigurations = (
				D32A650714717B4800F77A3F /* Debug */,
				D32A650814717B4800F77A3F /* Release */,
			);
			defaultConfigurationIsVisible = 0;
			defaultConfigurationName = Release;
		};
		D32A650914717B4800F77A3F /* Build configuration list for PBXNativeTarget "KitTest" */ = {
			isa = XCConfigurationList;
			buildConfigurations = (
				D32A650A14717B4800F77A3F /* Debug */,
				D32A650B14717B4800F77A3F /* Release */,
			);
			defaultConfigurationIsVisible = 0;
			defaultConfigurationName = Release;
		};
/* End XCConfigurationList section */
	};
	rootObject = D32A64E214717B4800F77A3F /* Project object */;
}
