// !$*UTF8*$!
{
	archiveVersion = 1;
	classes = {
	};
	objectVersion = 46;
	objects = {

/* Begin PBXBuildFile section */
		5706FEC31C1F9A6D0037E7D0 /* StoreTestCase.swift in Sources */ = {isa = PBXBuildFile; fileRef = 5706FEC21C1F9A6D0037E7D0 /* StoreTestCase.swift */; };
		5711C46D1C74F52F00073806 /* SaveOperationTest.swift in Sources */ = {isa = PBXBuildFile; fileRef = 5711C46C1C74F52F00073806 /* SaveOperationTest.swift */; };
		5728212D1C63E0F500373EC8 /* File.swift in Sources */ = {isa = PBXBuildFile; fileRef = 5728212C1C63E0F500373EC8 /* File.swift */; };
		5728212F1C63E10700373EC8 /* FileStore.swift in Sources */ = {isa = PBXBuildFile; fileRef = 5728212E1C63E10700373EC8 /* FileStore.swift */; };
		5728213B1C6482C000373EC8 /* NSURLSessionDownloadTaskRequest.swift in Sources */ = {isa = PBXBuildFile; fileRef = 5728213A1C6482C000373EC8 /* NSURLSessionDownloadTaskRequest.swift */; };
		57379DA51C72AAA900E240E9 /* Operation.swift in Sources */ = {isa = PBXBuildFile; fileRef = 57379DA41C72AAA900E240E9 /* Operation.swift */; };
		57379DA71C72AE7F00E240E9 /* GetOperationTest.swift in Sources */ = {isa = PBXBuildFile; fileRef = 57379DA61C72AE7F00E240E9 /* GetOperationTest.swift */; };
		57403A7D1C4D92E3008ECCD4 /* Error.swift in Sources */ = {isa = PBXBuildFile; fileRef = 57403A7C1C4D92E3008ECCD4 /* Error.swift */; };
		57470FA11C76834B0096B15F /* ReadOperation.swift in Sources */ = {isa = PBXBuildFile; fileRef = 57470FA01C76834B0096B15F /* ReadOperation.swift */; };
		57470FA31C76847F0096B15F /* WriteOperation.swift in Sources */ = {isa = PBXBuildFile; fileRef = 57470FA21C76847F0096B15F /* WriteOperation.swift */; };
		57470FA51C76926B0096B15F /* PushOperation.swift in Sources */ = {isa = PBXBuildFile; fileRef = 57470FA41C76926B0096B15F /* PushOperation.swift */; };
		57470FA71C7698B30096B15F /* MultiRequest.swift in Sources */ = {isa = PBXBuildFile; fileRef = 57470FA61C7698B30096B15F /* MultiRequest.swift */; };
		57470FA91C769CAD0096B15F /* PullOperation.swift in Sources */ = {isa = PBXBuildFile; fileRef = 57470FA81C769CAD0096B15F /* PullOperation.swift */; };
		57470FAB1C769EF00096B15F /* PurgeOperation.swift in Sources */ = {isa = PBXBuildFile; fileRef = 57470FAA1C769EF00096B15F /* PurgeOperation.swift */; };
		574710221C7B89B60096B15F /* Constants.swift in Sources */ = {isa = PBXBuildFile; fileRef = 574710211C7B89B60096B15F /* Constants.swift */; };
		5747102F1C7B8EDC0096B15F /* KNVDataStore.h in Headers */ = {isa = PBXBuildFile; fileRef = 5747102D1C7B8EDC0096B15F /* KNVDataStore.h */; settings = {ATTRIBUTES = (Public, ); }; };
		574710301C7B8EDC0096B15F /* KNVDataStore.m in Sources */ = {isa = PBXBuildFile; fileRef = 5747102E1C7B8EDC0096B15F /* KNVDataStore.m */; };
		574710331C7B9D2A0096B15F /* DataStoreTests.m in Sources */ = {isa = PBXBuildFile; fileRef = 574710321C7B9D2A0096B15F /* DataStoreTests.m */; };
		574710361C7B9DFC0096B15F /* Person.m in Sources */ = {isa = PBXBuildFile; fileRef = 574710351C7B9DFC0096B15F /* Person.m */; };
		574710371C7BA25C0096B15F /* KinveyKit.framework in Frameworks */ = {isa = PBXBuildFile; fileRef = 574B0F271C6E64AF00CDC48F /* KinveyKit.framework */; };
		574710381C7BA29C0096B15F /* KeychainAccess.framework in Frameworks */ = {isa = PBXBuildFile; fileRef = 574B0F781C6E7FAA00CDC48F /* KeychainAccess.framework */; };
		574710391C7BA29D0096B15F /* MongoDBPredicateAdaptorKit.framework in Frameworks */ = {isa = PBXBuildFile; fileRef = 574B0F761C6E7F3B00CDC48F /* MongoDBPredicateAdaptorKit.framework */; };
		5747103A1C7BA29D0096B15F /* PromiseKit.framework in Frameworks */ = {isa = PBXBuildFile; fileRef = 574B0F741C6E7E0E00CDC48F /* PromiseKit.framework */; };
		5747103C1C7BA2CB0096B15F /* KeychainAccess.framework in CopyFiles */ = {isa = PBXBuildFile; fileRef = 574B0F781C6E7FAA00CDC48F /* KeychainAccess.framework */; settings = {ATTRIBUTES = (CodeSignOnCopy, RemoveHeadersOnCopy, ); }; };
		5747103D1C7BA2CC0096B15F /* MongoDBPredicateAdaptorKit.framework in CopyFiles */ = {isa = PBXBuildFile; fileRef = 574B0F761C6E7F3B00CDC48F /* MongoDBPredicateAdaptorKit.framework */; settings = {ATTRIBUTES = (CodeSignOnCopy, RemoveHeadersOnCopy, ); }; };
		5747103E1C7BA2CC0096B15F /* PromiseKit.framework in CopyFiles */ = {isa = PBXBuildFile; fileRef = 574B0F741C6E7E0E00CDC48F /* PromiseKit.framework */; settings = {ATTRIBUTES = (CodeSignOnCopy, RemoveHeadersOnCopy, ); }; };
		5747103F1C7BA2CC0096B15F /* KinveyKit.framework in CopyFiles */ = {isa = PBXBuildFile; fileRef = 574B0F271C6E64AF00CDC48F /* KinveyKit.framework */; settings = {ATTRIBUTES = (CodeSignOnCopy, RemoveHeadersOnCopy, ); }; };
		574912711C59323B00EA4F26 /* DataStoreType.swift in Sources */ = {isa = PBXBuildFile; fileRef = 574912701C59323B00EA4F26 /* DataStoreType.swift */; };
		574912731C5932A700EA4F26 /* WritePolicy.swift in Sources */ = {isa = PBXBuildFile; fileRef = 574912721C5932A700EA4F26 /* WritePolicy.swift */; };
		574B0F281C6E64AF00CDC48F /* KinveyKit.framework in Frameworks */ = {isa = PBXBuildFile; fileRef = 574B0F271C6E64AF00CDC48F /* KinveyKit.framework */; };
		574B0F751C6E7E0E00CDC48F /* PromiseKit.framework in Frameworks */ = {isa = PBXBuildFile; fileRef = 574B0F741C6E7E0E00CDC48F /* PromiseKit.framework */; };
		574B0F771C6E7F3B00CDC48F /* MongoDBPredicateAdaptorKit.framework in Frameworks */ = {isa = PBXBuildFile; fileRef = 574B0F761C6E7F3B00CDC48F /* MongoDBPredicateAdaptorKit.framework */; };
		574B0F791C6E7FAA00CDC48F /* KeychainAccess.framework in Frameworks */ = {isa = PBXBuildFile; fileRef = 574B0F781C6E7FAA00CDC48F /* KeychainAccess.framework */; };
		574B0FA71C729EAF00CDC48F /* GetOperation.swift in Sources */ = {isa = PBXBuildFile; fileRef = 574B0FA61C729EAF00CDC48F /* GetOperation.swift */; };
		574B0FA91C729EB900CDC48F /* FindOperation.swift in Sources */ = {isa = PBXBuildFile; fileRef = 574B0FA81C729EB900CDC48F /* FindOperation.swift */; };
		574B0FAB1C729EC900CDC48F /* SaveOperation.swift in Sources */ = {isa = PBXBuildFile; fileRef = 574B0FAA1C729EC900CDC48F /* SaveOperation.swift */; };
		574B0FAD1C729F3300CDC48F /* RemoveOperation.swift in Sources */ = {isa = PBXBuildFile; fileRef = 574B0FAC1C729F3300CDC48F /* RemoveOperation.swift */; };
		5753BB3C1C23F29000EB9D3A /* SyncedStoreTests.swift in Sources */ = {isa = PBXBuildFile; fileRef = 5753BB3B1C23F29000EB9D3A /* SyncedStoreTests.swift */; };
		575772861C4728E5001D56F5 /* TTL.swift in Sources */ = {isa = PBXBuildFile; fileRef = 575772851C4728E5001D56F5 /* TTL.swift */; };
		576E95A41C1FB10700258CC3 /* DataStore.swift in Sources */ = {isa = PBXBuildFile; fileRef = 576E95A31C1FB10700258CC3 /* DataStore.swift */; };
		576E95AD1C20DB7C00258CC3 /* NetworkStoreTests.swift in Sources */ = {isa = PBXBuildFile; fileRef = 576E95AC1C20DB7C00258CC3 /* NetworkStoreTests.swift */; };
		576E95AF1C20DC0400258CC3 /* CachedStoreTests.swift in Sources */ = {isa = PBXBuildFile; fileRef = 576E95AE1C20DC0400258CC3 /* CachedStoreTests.swift */; };
		57757F3E1C652A5600C810E9 /* Reachability.swift in Sources */ = {isa = PBXBuildFile; fileRef = 57757F3D1C652A5600C810E9 /* Reachability.swift */; };
		577C9E781C1F89C700BF49EE /* Credential.swift in Sources */ = {isa = PBXBuildFile; fileRef = 577C9E771C1F89C700BF49EE /* Credential.swift */; };
		5783B5071C1910B00077F8A6 /* JsonObject.swift in Sources */ = {isa = PBXBuildFile; fileRef = 5783B5061C1910B00077F8A6 /* JsonObject.swift */; };
		5783B6671C1A13CB0077F8A6 /* libsqlite3.tbd in Frameworks */ = {isa = PBXBuildFile; fileRef = 5783B6661C1A13CB0077F8A6 /* libsqlite3.tbd */; };
		57A27C851C178F17000DF951 /* Kinvey.h in Headers */ = {isa = PBXBuildFile; fileRef = 57A27C841C178F17000DF951 /* Kinvey.h */; settings = {ATTRIBUTES = (Public, ); }; };
		57A27C8C1C178F18000DF951 /* Kinvey.framework in Frameworks */ = {isa = PBXBuildFile; fileRef = 57A27C811C178F17000DF951 /* Kinvey.framework */; };
		57A27C911C178F18000DF951 /* KinveyTestCase.swift in Sources */ = {isa = PBXBuildFile; fileRef = 57A27C901C178F18000DF951 /* KinveyTestCase.swift */; };
		57A27C9C1C178FAC000DF951 /* Kinvey.swift in Sources */ = {isa = PBXBuildFile; fileRef = 57A27C9B1C178FAC000DF951 /* Kinvey.swift */; };
		57A27C9E1C178FB5000DF951 /* Client.swift in Sources */ = {isa = PBXBuildFile; fileRef = 57A27C9D1C178FB5000DF951 /* Client.swift */; };
		57A27CA01C178FC0000DF951 /* User.swift in Sources */ = {isa = PBXBuildFile; fileRef = 57A27C9F1C178FC0000DF951 /* User.swift */; };
		57A27CA21C17910E000DF951 /* Acl.swift in Sources */ = {isa = PBXBuildFile; fileRef = 57A27CA11C17910E000DF951 /* Acl.swift */; };
		57A27CA41C179118000DF951 /* Metadata.swift in Sources */ = {isa = PBXBuildFile; fileRef = 57A27CA31C179118000DF951 /* Metadata.swift */; };
		57A2ED861C49B9D5006D26A9 /* Response.swift in Sources */ = {isa = PBXBuildFile; fileRef = 57A2ED851C49B9D5006D26A9 /* Response.swift */; };
		57A2ED881C49BADD006D26A9 /* HttpResponse.swift in Sources */ = {isa = PBXBuildFile; fileRef = 57A2ED871C49BADD006D26A9 /* HttpResponse.swift */; };
		57A2ED8A1C49BDAA006D26A9 /* RequestTestCase.swift in Sources */ = {isa = PBXBuildFile; fileRef = 57A2ED891C49BDAA006D26A9 /* RequestTestCase.swift */; };
		57A2ED8E1C49D20B006D26A9 /* HttpRequest.swift in Sources */ = {isa = PBXBuildFile; fileRef = 57A2ED8D1C49D20B006D26A9 /* HttpRequest.swift */; };
		57A2ED901C49D30B006D26A9 /* Endpoint.swift in Sources */ = {isa = PBXBuildFile; fileRef = 57A2ED8F1C49D30B006D26A9 /* Endpoint.swift */; };
		57A2ED961C4D5F74006D26A9 /* Media.xcassets in Resources */ = {isa = PBXBuildFile; fileRef = 57A2ED951C4D5F74006D26A9 /* Media.xcassets */; };
		57B0E9501C5FF52200BA984F /* Push.swift in Sources */ = {isa = PBXBuildFile; fileRef = 57B0E94F1C5FF52200BA984F /* Push.swift */; };
		57BB56B41C4D8D2B00F6B548 /* LocalRequest.swift in Sources */ = {isa = PBXBuildFile; fileRef = 57BB56B31C4D8D2B00F6B548 /* LocalRequest.swift */; };
		57BB56B61C4D8E8400F6B548 /* LocalResponse.swift in Sources */ = {isa = PBXBuildFile; fileRef = 57BB56B51C4D8E8400F6B548 /* LocalResponse.swift */; };
		57C71DC81C3EFBF900B1BEF2 /* Request.swift in Sources */ = {isa = PBXBuildFile; fileRef = 57C71DC71C3EFBF900B1BEF2 /* Request.swift */; };
		57DB87E81C62B0F6002BA684 /* NSData.swift in Sources */ = {isa = PBXBuildFile; fileRef = 57DB87E71C62B0F6002BA684 /* NSData.swift */; };
		57E1C3A31C17B3FF00578974 /* Query.swift in Sources */ = {isa = PBXBuildFile; fileRef = 57E1C3A21C17B3FF00578974 /* Query.swift */; };
		57E1C3A71C17B4F300578974 /* Persistable.swift in Sources */ = {isa = PBXBuildFile; fileRef = 57E1C3A61C17B4F300578974 /* Persistable.swift */; };
		57E1C3AD1C17EC9500578974 /* UserTests.swift in Sources */ = {isa = PBXBuildFile; fileRef = 57E1C3AC1C17EC9500578974 /* UserTests.swift */; };
		57E1C3AF1C18153900578974 /* RequestFactory.swift in Sources */ = {isa = PBXBuildFile; fileRef = 57E1C3AE1C18153900578974 /* RequestFactory.swift */; };
		57E1C3B11C18156700578974 /* HttpRequestFactory.swift in Sources */ = {isa = PBXBuildFile; fileRef = 57E1C3B01C18156700578974 /* HttpRequestFactory.swift */; };
		57E1C3B31C1822B100578974 /* ResponseParser.swift in Sources */ = {isa = PBXBuildFile; fileRef = 57E1C3B21C1822B100578974 /* ResponseParser.swift */; };
		57E1C3B51C18253B00578974 /* JsonResponseParser.swift in Sources */ = {isa = PBXBuildFile; fileRef = 57E1C3B41C18253B00578974 /* JsonResponseParser.swift */; };
		57E7C7A51C504AC500848748 /* Cache.swift in Sources */ = {isa = PBXBuildFile; fileRef = 57E7C7A41C504AC500848748 /* Cache.swift */; };
		57E7C7A71C504B0900848748 /* CacheManager.swift in Sources */ = {isa = PBXBuildFile; fileRef = 57E7C7A61C504B0900848748 /* CacheManager.swift */; };
		57E7C7A91C504E7B00848748 /* PendingOperation.swift in Sources */ = {isa = PBXBuildFile; fileRef = 57E7C7A81C504E7B00848748 /* PendingOperation.swift */; };
		57E7C7AF1C50539200848748 /* Sync.swift in Sources */ = {isa = PBXBuildFile; fileRef = 57E7C7AE1C50539200848748 /* Sync.swift */; };
		57E7C7B11C50539C00848748 /* SyncManager.swift in Sources */ = {isa = PBXBuildFile; fileRef = 57E7C7B01C50539C00848748 /* SyncManager.swift */; };
		57E7C7B31C51545900848748 /* ReadPolicy.swift in Sources */ = {isa = PBXBuildFile; fileRef = 57E7C7B21C51545900848748 /* ReadPolicy.swift */; };
		57E7C7B51C51981400848748 /* RequestType.swift in Sources */ = {isa = PBXBuildFile; fileRef = 57E7C7B41C51981400848748 /* RequestType.swift */; };
		57E7C7B71C519FD000848748 /* HttpHeaderCredential.swift in Sources */ = {isa = PBXBuildFile; fileRef = 57E7C7B61C519FD000848748 /* HttpHeaderCredential.swift */; };
/* End PBXBuildFile section */

/* Begin PBXContainerItemProxy section */
		574B0F321C6E653D00CDC48F /* PBXContainerItemProxy */ = {
			isa = PBXContainerItemProxy;
			containerPortal = 57A27C781C178F17000DF951 /* Project object */;
			proxyType = 1;
			remoteGlobalIDString = 574B0F2E1C6E652800CDC48F;
			remoteInfo = KinveyKit;
		};
		574F62DB1C6DC61800765760 /* PBXContainerItemProxy */ = {
			isa = PBXContainerItemProxy;
			containerPortal = 57A27C781C178F17000DF951 /* Project object */;
			proxyType = 1;
			remoteGlobalIDString = 574F62D71C6DC5E500765760;
			remoteInfo = MongoDBPredicateAdaptor;
		};
		57A27C8D1C178F18000DF951 /* PBXContainerItemProxy */ = {
			isa = PBXContainerItemProxy;
			containerPortal = 57A27C781C178F17000DF951 /* Project object */;
			proxyType = 1;
			remoteGlobalIDString = 57A27C801C178F17000DF951;
			remoteInfo = Kinvey;
		};
/* End PBXContainerItemProxy section */

/* Begin PBXCopyFilesBuildPhase section */
		5747103B1C7BA2B80096B15F /* CopyFiles */ = {
			isa = PBXCopyFilesBuildPhase;
			buildActionMask = 2147483647;
			dstPath = "";
			dstSubfolderSpec = 10;
			files = (
				5747103C1C7BA2CB0096B15F /* KeychainAccess.framework in CopyFiles */,
				5747103D1C7BA2CC0096B15F /* MongoDBPredicateAdaptorKit.framework in CopyFiles */,
				5747103E1C7BA2CC0096B15F /* PromiseKit.framework in CopyFiles */,
				5747103F1C7BA2CC0096B15F /* KinveyKit.framework in CopyFiles */,
			);
			runOnlyForDeploymentPostprocessing = 0;
		};
/* End PBXCopyFilesBuildPhase section */

/* Begin PBXFileReference section */
		5706FEC21C1F9A6D0037E7D0 /* StoreTestCase.swift */ = {isa = PBXFileReference; fileEncoding = 4; lastKnownFileType = sourcecode.swift; path = StoreTestCase.swift; sourceTree = "<group>"; };
		5711C46C1C74F52F00073806 /* SaveOperationTest.swift */ = {isa = PBXFileReference; fileEncoding = 4; lastKnownFileType = sourcecode.swift; path = SaveOperationTest.swift; sourceTree = "<group>"; };
		5728212C1C63E0F500373EC8 /* File.swift */ = {isa = PBXFileReference; fileEncoding = 4; lastKnownFileType = sourcecode.swift; path = File.swift; sourceTree = "<group>"; };
		5728212E1C63E10700373EC8 /* FileStore.swift */ = {isa = PBXFileReference; fileEncoding = 4; lastKnownFileType = sourcecode.swift; path = FileStore.swift; sourceTree = "<group>"; };
		5728213A1C6482C000373EC8 /* NSURLSessionDownloadTaskRequest.swift */ = {isa = PBXFileReference; fileEncoding = 4; lastKnownFileType = sourcecode.swift; path = NSURLSessionDownloadTaskRequest.swift; sourceTree = "<group>"; };
		57379DA41C72AAA900E240E9 /* Operation.swift */ = {isa = PBXFileReference; fileEncoding = 4; lastKnownFileType = sourcecode.swift; path = Operation.swift; sourceTree = "<group>"; };
		57379DA61C72AE7F00E240E9 /* GetOperationTest.swift */ = {isa = PBXFileReference; fileEncoding = 4; lastKnownFileType = sourcecode.swift; path = GetOperationTest.swift; sourceTree = "<group>"; };
		57403A7C1C4D92E3008ECCD4 /* Error.swift */ = {isa = PBXFileReference; fileEncoding = 4; lastKnownFileType = sourcecode.swift; path = Error.swift; sourceTree = "<group>"; };
		57470FA01C76834B0096B15F /* ReadOperation.swift */ = {isa = PBXFileReference; fileEncoding = 4; lastKnownFileType = sourcecode.swift; path = ReadOperation.swift; sourceTree = "<group>"; };
		57470FA21C76847F0096B15F /* WriteOperation.swift */ = {isa = PBXFileReference; fileEncoding = 4; lastKnownFileType = sourcecode.swift; path = WriteOperation.swift; sourceTree = "<group>"; };
		57470FA41C76926B0096B15F /* PushOperation.swift */ = {isa = PBXFileReference; fileEncoding = 4; lastKnownFileType = sourcecode.swift; path = PushOperation.swift; sourceTree = "<group>"; };
		57470FA61C7698B30096B15F /* MultiRequest.swift */ = {isa = PBXFileReference; fileEncoding = 4; lastKnownFileType = sourcecode.swift; path = MultiRequest.swift; sourceTree = "<group>"; };
		57470FA81C769CAD0096B15F /* PullOperation.swift */ = {isa = PBXFileReference; fileEncoding = 4; lastKnownFileType = sourcecode.swift; path = PullOperation.swift; sourceTree = "<group>"; };
		57470FAA1C769EF00096B15F /* PurgeOperation.swift */ = {isa = PBXFileReference; fileEncoding = 4; lastKnownFileType = sourcecode.swift; path = PurgeOperation.swift; sourceTree = "<group>"; };
		574710211C7B89B60096B15F /* Constants.swift */ = {isa = PBXFileReference; fileEncoding = 4; lastKnownFileType = sourcecode.swift; path = Constants.swift; sourceTree = "<group>"; };
		5747102D1C7B8EDC0096B15F /* KNVDataStore.h */ = {isa = PBXFileReference; fileEncoding = 4; lastKnownFileType = sourcecode.c.h; path = KNVDataStore.h; sourceTree = "<group>"; };
		5747102E1C7B8EDC0096B15F /* KNVDataStore.m */ = {isa = PBXFileReference; fileEncoding = 4; lastKnownFileType = sourcecode.c.objc; path = KNVDataStore.m; sourceTree = "<group>"; };
		574710311C7B9D290096B15F /* KinveyTests-Bridging-Header.h */ = {isa = PBXFileReference; lastKnownFileType = sourcecode.c.h; path = "KinveyTests-Bridging-Header.h"; sourceTree = "<group>"; };
		574710321C7B9D2A0096B15F /* DataStoreTests.m */ = {isa = PBXFileReference; fileEncoding = 4; lastKnownFileType = sourcecode.c.objc; path = DataStoreTests.m; sourceTree = "<group>"; };
		574710341C7B9DFC0096B15F /* Person.h */ = {isa = PBXFileReference; fileEncoding = 4; lastKnownFileType = sourcecode.c.h; path = Person.h; sourceTree = "<group>"; };
		574710351C7B9DFC0096B15F /* Person.m */ = {isa = PBXFileReference; fileEncoding = 4; lastKnownFileType = sourcecode.c.objc; path = Person.m; sourceTree = "<group>"; };
		574912701C59323B00EA4F26 /* DataStoreType.swift */ = {isa = PBXFileReference; fileEncoding = 4; lastKnownFileType = sourcecode.swift; path = DataStoreType.swift; sourceTree = "<group>"; };
		574912721C5932A700EA4F26 /* WritePolicy.swift */ = {isa = PBXFileReference; fileEncoding = 4; lastKnownFileType = sourcecode.swift; path = WritePolicy.swift; sourceTree = "<group>"; };
		574B0F271C6E64AF00CDC48F /* KinveyKit.framework */ = {isa = PBXFileReference; lastKnownFileType = wrapper.framework; name = KinveyKit.framework; path = "../KinveyKit/build/Release-universal/KinveyKit.framework"; sourceTree = "<group>"; };
		574B0F741C6E7E0E00CDC48F /* PromiseKit.framework */ = {isa = PBXFileReference; lastKnownFileType = wrapper.framework; name = PromiseKit.framework; path = Carthage/Build/iOS/PromiseKit.framework; sourceTree = "<group>"; };
		574B0F761C6E7F3B00CDC48F /* MongoDBPredicateAdaptorKit.framework */ = {isa = PBXFileReference; lastKnownFileType = wrapper.framework; name = MongoDBPredicateAdaptorKit.framework; path = "Dependencies/modules/MongoDBPredicateAdaptor/build/Release-ios/MongoDBPredicateAdaptorKit.framework"; sourceTree = "<group>"; };
		574B0F781C6E7FAA00CDC48F /* KeychainAccess.framework */ = {isa = PBXFileReference; lastKnownFileType = wrapper.framework; name = KeychainAccess.framework; path = Carthage/Build/iOS/KeychainAccess.framework; sourceTree = "<group>"; };
		574B0FA61C729EAF00CDC48F /* GetOperation.swift */ = {isa = PBXFileReference; fileEncoding = 4; lastKnownFileType = sourcecode.swift; path = GetOperation.swift; sourceTree = "<group>"; };
		574B0FA81C729EB900CDC48F /* FindOperation.swift */ = {isa = PBXFileReference; fileEncoding = 4; lastKnownFileType = sourcecode.swift; path = FindOperation.swift; sourceTree = "<group>"; };
		574B0FAA1C729EC900CDC48F /* SaveOperation.swift */ = {isa = PBXFileReference; fileEncoding = 4; lastKnownFileType = sourcecode.swift; path = SaveOperation.swift; sourceTree = "<group>"; };
		574B0FAC1C729F3300CDC48F /* RemoveOperation.swift */ = {isa = PBXFileReference; fileEncoding = 4; lastKnownFileType = sourcecode.swift; path = RemoveOperation.swift; sourceTree = "<group>"; };
		5753BB3B1C23F29000EB9D3A /* SyncedStoreTests.swift */ = {isa = PBXFileReference; fileEncoding = 4; lastKnownFileType = sourcecode.swift; path = SyncedStoreTests.swift; sourceTree = "<group>"; };
		575772851C4728E5001D56F5 /* TTL.swift */ = {isa = PBXFileReference; fileEncoding = 4; lastKnownFileType = sourcecode.swift; path = TTL.swift; sourceTree = "<group>"; };
		576E95A31C1FB10700258CC3 /* DataStore.swift */ = {isa = PBXFileReference; fileEncoding = 4; lastKnownFileType = sourcecode.swift; path = DataStore.swift; sourceTree = "<group>"; };
		576E95AC1C20DB7C00258CC3 /* NetworkStoreTests.swift */ = {isa = PBXFileReference; fileEncoding = 4; lastKnownFileType = sourcecode.swift; path = NetworkStoreTests.swift; sourceTree = "<group>"; };
		576E95AE1C20DC0400258CC3 /* CachedStoreTests.swift */ = {isa = PBXFileReference; fileEncoding = 4; lastKnownFileType = sourcecode.swift; path = CachedStoreTests.swift; sourceTree = "<group>"; };
		57757F3D1C652A5600C810E9 /* Reachability.swift */ = {isa = PBXFileReference; fileEncoding = 4; lastKnownFileType = sourcecode.swift; path = Reachability.swift; sourceTree = "<group>"; };
		577C9E771C1F89C700BF49EE /* Credential.swift */ = {isa = PBXFileReference; fileEncoding = 4; lastKnownFileType = sourcecode.swift; path = Credential.swift; sourceTree = "<group>"; };
		5783B5061C1910B00077F8A6 /* JsonObject.swift */ = {isa = PBXFileReference; fileEncoding = 4; lastKnownFileType = sourcecode.swift; path = JsonObject.swift; sourceTree = "<group>"; };
		5783B6661C1A13CB0077F8A6 /* libsqlite3.tbd */ = {isa = PBXFileReference; lastKnownFileType = "sourcecode.text-based-dylib-definition"; name = libsqlite3.tbd; path = usr/lib/libsqlite3.tbd; sourceTree = SDKROOT; };
		57A27C811C178F17000DF951 /* Kinvey.framework */ = {isa = PBXFileReference; explicitFileType = wrapper.framework; includeInIndex = 0; path = Kinvey.framework; sourceTree = BUILT_PRODUCTS_DIR; };
		57A27C841C178F17000DF951 /* Kinvey.h */ = {isa = PBXFileReference; lastKnownFileType = sourcecode.c.h; path = Kinvey.h; sourceTree = "<group>"; };
		57A27C861C178F17000DF951 /* Info.plist */ = {isa = PBXFileReference; lastKnownFileType = text.plist.xml; path = Info.plist; sourceTree = "<group>"; };
		57A27C8B1C178F18000DF951 /* KinveyTests.xctest */ = {isa = PBXFileReference; explicitFileType = wrapper.cfbundle; includeInIndex = 0; path = KinveyTests.xctest; sourceTree = BUILT_PRODUCTS_DIR; };
		57A27C901C178F18000DF951 /* KinveyTestCase.swift */ = {isa = PBXFileReference; lastKnownFileType = sourcecode.swift; path = KinveyTestCase.swift; sourceTree = "<group>"; };
		57A27C921C178F18000DF951 /* Info.plist */ = {isa = PBXFileReference; lastKnownFileType = text.plist.xml; path = Info.plist; sourceTree = "<group>"; };
		57A27C9B1C178FAC000DF951 /* Kinvey.swift */ = {isa = PBXFileReference; fileEncoding = 4; lastKnownFileType = sourcecode.swift; path = Kinvey.swift; sourceTree = "<group>"; };
		57A27C9D1C178FB5000DF951 /* Client.swift */ = {isa = PBXFileReference; fileEncoding = 4; lastKnownFileType = sourcecode.swift; path = Client.swift; sourceTree = "<group>"; };
		57A27C9F1C178FC0000DF951 /* User.swift */ = {isa = PBXFileReference; fileEncoding = 4; lastKnownFileType = sourcecode.swift; path = User.swift; sourceTree = "<group>"; };
		57A27CA11C17910E000DF951 /* Acl.swift */ = {isa = PBXFileReference; fileEncoding = 4; lastKnownFileType = sourcecode.swift; path = Acl.swift; sourceTree = "<group>"; };
		57A27CA31C179118000DF951 /* Metadata.swift */ = {isa = PBXFileReference; fileEncoding = 4; lastKnownFileType = sourcecode.swift; path = Metadata.swift; sourceTree = "<group>"; };
		57A2ED851C49B9D5006D26A9 /* Response.swift */ = {isa = PBXFileReference; fileEncoding = 4; lastKnownFileType = sourcecode.swift; path = Response.swift; sourceTree = "<group>"; };
		57A2ED871C49BADD006D26A9 /* HttpResponse.swift */ = {isa = PBXFileReference; fileEncoding = 4; lastKnownFileType = sourcecode.swift; path = HttpResponse.swift; sourceTree = "<group>"; };
		57A2ED891C49BDAA006D26A9 /* RequestTestCase.swift */ = {isa = PBXFileReference; fileEncoding = 4; lastKnownFileType = sourcecode.swift; path = RequestTestCase.swift; sourceTree = "<group>"; };
		57A2ED8D1C49D20B006D26A9 /* HttpRequest.swift */ = {isa = PBXFileReference; fileEncoding = 4; lastKnownFileType = sourcecode.swift; path = HttpRequest.swift; sourceTree = "<group>"; };
		57A2ED8F1C49D30B006D26A9 /* Endpoint.swift */ = {isa = PBXFileReference; fileEncoding = 4; lastKnownFileType = sourcecode.swift; path = Endpoint.swift; sourceTree = "<group>"; };
		57A2ED951C4D5F74006D26A9 /* Media.xcassets */ = {isa = PBXFileReference; lastKnownFileType = folder.assetcatalog; path = Media.xcassets; sourceTree = "<group>"; };
		57B0E94F1C5FF52200BA984F /* Push.swift */ = {isa = PBXFileReference; fileEncoding = 4; lastKnownFileType = sourcecode.swift; path = Push.swift; sourceTree = "<group>"; };
		57BB56B31C4D8D2B00F6B548 /* LocalRequest.swift */ = {isa = PBXFileReference; fileEncoding = 4; lastKnownFileType = sourcecode.swift; path = LocalRequest.swift; sourceTree = "<group>"; };
		57BB56B51C4D8E8400F6B548 /* LocalResponse.swift */ = {isa = PBXFileReference; fileEncoding = 4; lastKnownFileType = sourcecode.swift; path = LocalResponse.swift; sourceTree = "<group>"; };
		57C71DC71C3EFBF900B1BEF2 /* Request.swift */ = {isa = PBXFileReference; fileEncoding = 4; lastKnownFileType = sourcecode.swift; path = Request.swift; sourceTree = "<group>"; };
		57DB87E71C62B0F6002BA684 /* NSData.swift */ = {isa = PBXFileReference; fileEncoding = 4; lastKnownFileType = sourcecode.swift; path = NSData.swift; sourceTree = "<group>"; };
		57E1C3A21C17B3FF00578974 /* Query.swift */ = {isa = PBXFileReference; fileEncoding = 4; lastKnownFileType = sourcecode.swift; path = Query.swift; sourceTree = "<group>"; };
		57E1C3A61C17B4F300578974 /* Persistable.swift */ = {isa = PBXFileReference; fileEncoding = 4; lastKnownFileType = sourcecode.swift; path = Persistable.swift; sourceTree = "<group>"; };
		57E1C3AC1C17EC9500578974 /* UserTests.swift */ = {isa = PBXFileReference; fileEncoding = 4; lastKnownFileType = sourcecode.swift; path = UserTests.swift; sourceTree = "<group>"; };
		57E1C3AE1C18153900578974 /* RequestFactory.swift */ = {isa = PBXFileReference; fileEncoding = 4; lastKnownFileType = sourcecode.swift; path = RequestFactory.swift; sourceTree = "<group>"; };
		57E1C3B01C18156700578974 /* HttpRequestFactory.swift */ = {isa = PBXFileReference; fileEncoding = 4; lastKnownFileType = sourcecode.swift; path = HttpRequestFactory.swift; sourceTree = "<group>"; };
		57E1C3B21C1822B100578974 /* ResponseParser.swift */ = {isa = PBXFileReference; fileEncoding = 4; lastKnownFileType = sourcecode.swift; path = ResponseParser.swift; sourceTree = "<group>"; };
		57E1C3B41C18253B00578974 /* JsonResponseParser.swift */ = {isa = PBXFileReference; fileEncoding = 4; lastKnownFileType = sourcecode.swift; path = JsonResponseParser.swift; sourceTree = "<group>"; };
		57E7C7A41C504AC500848748 /* Cache.swift */ = {isa = PBXFileReference; fileEncoding = 4; lastKnownFileType = sourcecode.swift; path = Cache.swift; sourceTree = "<group>"; };
		57E7C7A61C504B0900848748 /* CacheManager.swift */ = {isa = PBXFileReference; fileEncoding = 4; lastKnownFileType = sourcecode.swift; path = CacheManager.swift; sourceTree = "<group>"; };
		57E7C7A81C504E7B00848748 /* PendingOperation.swift */ = {isa = PBXFileReference; fileEncoding = 4; lastKnownFileType = sourcecode.swift; path = PendingOperation.swift; sourceTree = "<group>"; };
		57E7C7AE1C50539200848748 /* Sync.swift */ = {isa = PBXFileReference; fileEncoding = 4; lastKnownFileType = sourcecode.swift; path = Sync.swift; sourceTree = "<group>"; };
		57E7C7B01C50539C00848748 /* SyncManager.swift */ = {isa = PBXFileReference; fileEncoding = 4; lastKnownFileType = sourcecode.swift; path = SyncManager.swift; sourceTree = "<group>"; };
		57E7C7B21C51545900848748 /* ReadPolicy.swift */ = {isa = PBXFileReference; fileEncoding = 4; lastKnownFileType = sourcecode.swift; name = ReadPolicy.swift; path = Kinvey/ReadPolicy.swift; sourceTree = SOURCE_ROOT; };
		57E7C7B41C51981400848748 /* RequestType.swift */ = {isa = PBXFileReference; fileEncoding = 4; lastKnownFileType = sourcecode.swift; path = RequestType.swift; sourceTree = "<group>"; };
		57E7C7B61C519FD000848748 /* HttpHeaderCredential.swift */ = {isa = PBXFileReference; fileEncoding = 4; lastKnownFileType = sourcecode.swift; path = HttpHeaderCredential.swift; sourceTree = "<group>"; };
/* End PBXFileReference section */

/* Begin PBXFrameworksBuildPhase section */
		57A27C7D1C178F17000DF951 /* Frameworks */ = {
			isa = PBXFrameworksBuildPhase;
			buildActionMask = 2147483647;
			files = (
				574B0F281C6E64AF00CDC48F /* KinveyKit.framework in Frameworks */,
				5783B6671C1A13CB0077F8A6 /* libsqlite3.tbd in Frameworks */,
				574B0F771C6E7F3B00CDC48F /* MongoDBPredicateAdaptorKit.framework in Frameworks */,
				574B0F751C6E7E0E00CDC48F /* PromiseKit.framework in Frameworks */,
				574B0F791C6E7FAA00CDC48F /* KeychainAccess.framework in Frameworks */,
			);
			runOnlyForDeploymentPostprocessing = 0;
		};
		57A27C881C178F18000DF951 /* Frameworks */ = {
			isa = PBXFrameworksBuildPhase;
			buildActionMask = 2147483647;
			files = (
				574710381C7BA29C0096B15F /* KeychainAccess.framework in Frameworks */,
				57A27C8C1C178F18000DF951 /* Kinvey.framework in Frameworks */,
				5747103A1C7BA29D0096B15F /* PromiseKit.framework in Frameworks */,
				574710391C7BA29D0096B15F /* MongoDBPredicateAdaptorKit.framework in Frameworks */,
				574710371C7BA25C0096B15F /* KinveyKit.framework in Frameworks */,
			);
			runOnlyForDeploymentPostprocessing = 0;
		};
/* End PBXFrameworksBuildPhase section */

/* Begin PBXGroup section */
		5747102C1C7B8ECE0096B15F /* ObjC */ = {
			isa = PBXGroup;
			children = (
				5747102D1C7B8EDC0096B15F /* KNVDataStore.h */,
				5747102E1C7B8EDC0096B15F /* KNVDataStore.m */,
			);
			name = ObjC;
			sourceTree = "<group>";
		};
		574B0FA51C729E9E00CDC48F /* Operations */ = {
			isa = PBXGroup;
			children = (
				57379DA41C72AAA900E240E9 /* Operation.swift */,
				57470FA01C76834B0096B15F /* ReadOperation.swift */,
				57470FA21C76847F0096B15F /* WriteOperation.swift */,
				574B0FA61C729EAF00CDC48F /* GetOperation.swift */,
				574B0FA81C729EB900CDC48F /* FindOperation.swift */,
				574B0FAA1C729EC900CDC48F /* SaveOperation.swift */,
				574B0FAC1C729F3300CDC48F /* RemoveOperation.swift */,
				57470FA41C76926B0096B15F /* PushOperation.swift */,
				57470FA81C769CAD0096B15F /* PullOperation.swift */,
				57470FAA1C769EF00096B15F /* PurgeOperation.swift */,
			);
			name = Operations;
			sourceTree = "<group>";
		};
		57A27C771C178F17000DF951 = {
			isa = PBXGroup;
			children = (
				57A27C831C178F17000DF951 /* Kinvey */,
				57A27C8F1C178F18000DF951 /* KinveyTests */,
				57A27C821C178F17000DF951 /* Products */,
				DBD4AA6B25714F7AAA213880 /* Frameworks */,
			);
			sourceTree = "<group>";
		};
		57A27C821C178F17000DF951 /* Products */ = {
			isa = PBXGroup;
			children = (
				57A27C811C178F17000DF951 /* Kinvey.framework */,
				57A27C8B1C178F18000DF951 /* KinveyTests.xctest */,
			);
			name = Products;
			sourceTree = "<group>";
		};
		57A27C831C178F17000DF951 /* Kinvey */ = {
			isa = PBXGroup;
			children = (
				5747102C1C7B8ECE0096B15F /* ObjC */,
				57DB87E91C62B1CB002BA684 /* Extensions */,
				574B0FA51C729E9E00CDC48F /* Operations */,
				57A27C841C178F17000DF951 /* Kinvey.h */,
				57A27C861C178F17000DF951 /* Info.plist */,
				57A27C9B1C178FAC000DF951 /* Kinvey.swift */,
				574710211C7B89B60096B15F /* Constants.swift */,
				577C9E771C1F89C700BF49EE /* Credential.swift */,
				57E7C7B61C519FD000848748 /* HttpHeaderCredential.swift */,
				57A2ED8F1C49D30B006D26A9 /* Endpoint.swift */,
				57A27C9D1C178FB5000DF951 /* Client.swift */,
				57A27C9F1C178FC0000DF951 /* User.swift */,
				57A27CA11C17910E000DF951 /* Acl.swift */,
				57A27CA31C179118000DF951 /* Metadata.swift */,
				574912701C59323B00EA4F26 /* DataStoreType.swift */,
				57E7C7B21C51545900848748 /* ReadPolicy.swift */,
				574912721C5932A700EA4F26 /* WritePolicy.swift */,
				576E95A31C1FB10700258CC3 /* DataStore.swift */,
				575772851C4728E5001D56F5 /* TTL.swift */,
				57E1C3A21C17B3FF00578974 /* Query.swift */,
				57E1C3A61C17B4F300578974 /* Persistable.swift */,
				57E1C3AE1C18153900578974 /* RequestFactory.swift */,
				57E1C3B01C18156700578974 /* HttpRequestFactory.swift */,
				57E1C3B21C1822B100578974 /* ResponseParser.swift */,
				57E1C3B41C18253B00578974 /* JsonResponseParser.swift */,
				5783B5061C1910B00077F8A6 /* JsonObject.swift */,
				57E7C7B41C51981400848748 /* RequestType.swift */,
				57C71DC71C3EFBF900B1BEF2 /* Request.swift */,
				57A2ED8D1C49D20B006D26A9 /* HttpRequest.swift */,
				57BB56B31C4D8D2B00F6B548 /* LocalRequest.swift */,
				57470FA61C7698B30096B15F /* MultiRequest.swift */,
				5728213A1C6482C000373EC8 /* NSURLSessionDownloadTaskRequest.swift */,
				57A2ED851C49B9D5006D26A9 /* Response.swift */,
				57A2ED871C49BADD006D26A9 /* HttpResponse.swift */,
				57BB56B51C4D8E8400F6B548 /* LocalResponse.swift */,
				57403A7C1C4D92E3008ECCD4 /* Error.swift */,
				57E7C7A41C504AC500848748 /* Cache.swift */,
				57E7C7A61C504B0900848748 /* CacheManager.swift */,
				57E7C7A81C504E7B00848748 /* PendingOperation.swift */,
				57E7C7AE1C50539200848748 /* Sync.swift */,
				57E7C7B01C50539C00848748 /* SyncManager.swift */,
				57B0E94F1C5FF52200BA984F /* Push.swift */,
				5728212C1C63E0F500373EC8 /* File.swift */,
				5728212E1C63E10700373EC8 /* FileStore.swift */,
				57757F3D1C652A5600C810E9 /* Reachability.swift */,
			);
			path = Kinvey;
			sourceTree = "<group>";
		};
		57A27C8F1C178F18000DF951 /* KinveyTests */ = {
			isa = PBXGroup;
			children = (
				57A27C901C178F18000DF951 /* KinveyTestCase.swift */,
				57A27C921C178F18000DF951 /* Info.plist */,
				57A2ED891C49BDAA006D26A9 /* RequestTestCase.swift */,
				57E1C3AC1C17EC9500578974 /* UserTests.swift */,
				5706FEC21C1F9A6D0037E7D0 /* StoreTestCase.swift */,
				576E95AC1C20DB7C00258CC3 /* NetworkStoreTests.swift */,
				576E95AE1C20DC0400258CC3 /* CachedStoreTests.swift */,
				5753BB3B1C23F29000EB9D3A /* SyncedStoreTests.swift */,
				57A2ED951C4D5F74006D26A9 /* Media.xcassets */,
				57379DA61C72AE7F00E240E9 /* GetOperationTest.swift */,
				5711C46C1C74F52F00073806 /* SaveOperationTest.swift */,
				574710321C7B9D2A0096B15F /* DataStoreTests.m */,
				574710311C7B9D290096B15F /* KinveyTests-Bridging-Header.h */,
				574710341C7B9DFC0096B15F /* Person.h */,
				574710351C7B9DFC0096B15F /* Person.m */,
			);
			path = KinveyTests;
			sourceTree = "<group>";
		};
		57DB87E91C62B1CB002BA684 /* Extensions */ = {
			isa = PBXGroup;
			children = (
				57DB87E71C62B0F6002BA684 /* NSData.swift */,
			);
			name = Extensions;
			sourceTree = "<group>";
		};
		DBD4AA6B25714F7AAA213880 /* Frameworks */ = {
			isa = PBXGroup;
			children = (
				5783B6661C1A13CB0077F8A6 /* libsqlite3.tbd */,
				574B0F781C6E7FAA00CDC48F /* KeychainAccess.framework */,
				574B0F761C6E7F3B00CDC48F /* MongoDBPredicateAdaptorKit.framework */,
				574B0F741C6E7E0E00CDC48F /* PromiseKit.framework */,
				574B0F271C6E64AF00CDC48F /* KinveyKit.framework */,
			);
			name = Frameworks;
			sourceTree = "<group>";
		};
/* End PBXGroup section */

/* Begin PBXHeadersBuildPhase section */
		57A27C7E1C178F17000DF951 /* Headers */ = {
			isa = PBXHeadersBuildPhase;
			buildActionMask = 2147483647;
			files = (
				5747102F1C7B8EDC0096B15F /* KNVDataStore.h in Headers */,
				57A27C851C178F17000DF951 /* Kinvey.h in Headers */,
			);
			runOnlyForDeploymentPostprocessing = 0;
		};
/* End PBXHeadersBuildPhase section */

/* Begin PBXLegacyTarget section */
		574B0F2E1C6E652800CDC48F /* KinveyKit */ = {
			isa = PBXLegacyTarget;
			buildArgumentsString = "$(ACTION)";
			buildConfigurationList = 574B0F2F1C6E652800CDC48F /* Build configuration list for PBXLegacyTarget "KinveyKit" */;
			buildPhases = (
			);
			buildToolPath = /usr/bin/make;
			buildWorkingDirectory = ../KinveyKit;
			dependencies = (
			);
			name = KinveyKit;
			passBuildSettingsInEnvironment = 1;
			productName = KinveyKit;
		};
		574F62D71C6DC5E500765760 /* MongoDBPredicateAdaptor */ = {
			isa = PBXLegacyTarget;
			buildArgumentsString = "$(ACTION)";
			buildConfigurationList = 574F62D81C6DC5E500765760 /* Build configuration list for PBXLegacyTarget "MongoDBPredicateAdaptor" */;
			buildPhases = (
			);
			buildToolPath = /usr/bin/make;
			buildWorkingDirectory = Dependencies/modules/MongoDBPredicateAdaptor;
			dependencies = (
			);
			name = MongoDBPredicateAdaptor;
			passBuildSettingsInEnvironment = 0;
			productName = MongoDBPredicateAdaptor;
		};
		577C9E5B1C1CEEC100BF49EE /* Kinvey-Universal */ = {
			isa = PBXLegacyTarget;
			buildArgumentsString = "$(ACTION)";
			buildConfigurationList = 577C9E5C1C1CEEC100BF49EE /* Build configuration list for PBXLegacyTarget "Kinvey-Universal" */;
			buildPhases = (
			);
			buildToolPath = /usr/bin/make;
			buildWorkingDirectory = ..;
			dependencies = (
			);
			name = "Kinvey-Universal";
			passBuildSettingsInEnvironment = 1;
			productName = "Kinvey-Universal";
		};
/* End PBXLegacyTarget section */

/* Begin PBXNativeTarget section */
		57A27C801C178F17000DF951 /* Kinvey */ = {
			isa = PBXNativeTarget;
			buildConfigurationList = 57A27C951C178F18000DF951 /* Build configuration list for PBXNativeTarget "Kinvey" */;
			buildPhases = (
				57A27C7C1C178F17000DF951 /* Sources */,
				57A27C7D1C178F17000DF951 /* Frameworks */,
				57A27C7E1C178F17000DF951 /* Headers */,
				57A27C7F1C178F17000DF951 /* Resources */,
			);
			buildRules = (
			);
			dependencies = (
				574B0F331C6E653D00CDC48F /* PBXTargetDependency */,
				574F62DC1C6DC61800765760 /* PBXTargetDependency */,
			);
			name = Kinvey;
			productName = Kinvey;
			productReference = 57A27C811C178F17000DF951 /* Kinvey.framework */;
			productType = "com.apple.product-type.framework";
		};
		57A27C8A1C178F18000DF951 /* KinveyTests */ = {
			isa = PBXNativeTarget;
			buildConfigurationList = 57A27C981C178F18000DF951 /* Build configuration list for PBXNativeTarget "KinveyTests" */;
			buildPhases = (
				57A27C871C178F18000DF951 /* Sources */,
				57A27C881C178F18000DF951 /* Frameworks */,
				57A27C891C178F18000DF951 /* Resources */,
				5747103B1C7BA2B80096B15F /* CopyFiles */,
			);
			buildRules = (
			);
			dependencies = (
				57A27C8E1C178F18000DF951 /* PBXTargetDependency */,
			);
			name = KinveyTests;
			productName = KinveyTests;
			productReference = 57A27C8B1C178F18000DF951 /* KinveyTests.xctest */;
			productType = "com.apple.product-type.bundle.unit-test";
		};
/* End PBXNativeTarget section */

/* Begin PBXProject section */
		57A27C781C178F17000DF951 /* Project object */ = {
			isa = PBXProject;
			attributes = {
				LastSwiftUpdateCheck = 0720;
				LastUpgradeCheck = 0720;
				ORGANIZATIONNAME = Kinvey;
				TargetAttributes = {
					574B0F2E1C6E652800CDC48F = {
						CreatedOnToolsVersion = 7.2.1;
					};
					574F62D71C6DC5E500765760 = {
						CreatedOnToolsVersion = 7.2.1;
					};
					577C9E5B1C1CEEC100BF49EE = {
						CreatedOnToolsVersion = 7.2;
					};
					57A27C801C178F17000DF951 = {
						CreatedOnToolsVersion = 7.2;
					};
					57A27C8A1C178F18000DF951 = {
						CreatedOnToolsVersion = 7.2;
					};
				};
			};
			buildConfigurationList = 57A27C7B1C178F17000DF951 /* Build configuration list for PBXProject "Kinvey" */;
			compatibilityVersion = "Xcode 3.2";
			developmentRegion = English;
			hasScannedForEncodings = 0;
			knownRegions = (
				en,
			);
			mainGroup = 57A27C771C178F17000DF951;
			productRefGroup = 57A27C821C178F17000DF951 /* Products */;
			projectDirPath = "";
			projectRoot = "";
			targets = (
				57A27C801C178F17000DF951 /* Kinvey */,
				57A27C8A1C178F18000DF951 /* KinveyTests */,
				577C9E5B1C1CEEC100BF49EE /* Kinvey-Universal */,
				574F62D71C6DC5E500765760 /* MongoDBPredicateAdaptor */,
				574B0F2E1C6E652800CDC48F /* KinveyKit */,
			);
		};
/* End PBXProject section */

/* Begin PBXResourcesBuildPhase section */
		57A27C7F1C178F17000DF951 /* Resources */ = {
			isa = PBXResourcesBuildPhase;
			buildActionMask = 2147483647;
			files = (
			);
			runOnlyForDeploymentPostprocessing = 0;
		};
		57A27C891C178F18000DF951 /* Resources */ = {
			isa = PBXResourcesBuildPhase;
			buildActionMask = 2147483647;
			files = (
				57A2ED961C4D5F74006D26A9 /* Media.xcassets in Resources */,
			);
			runOnlyForDeploymentPostprocessing = 0;
		};
/* End PBXResourcesBuildPhase section */

/* Begin PBXSourcesBuildPhase section */
		57A27C7C1C178F17000DF951 /* Sources */ = {
			isa = PBXSourcesBuildPhase;
			buildActionMask = 2147483647;
			files = (
				57E1C3AF1C18153900578974 /* RequestFactory.swift in Sources */,
				574B0FAD1C729F3300CDC48F /* RemoveOperation.swift in Sources */,
				5728212F1C63E10700373EC8 /* FileStore.swift in Sources */,
				57757F3E1C652A5600C810E9 /* Reachability.swift in Sources */,
				575772861C4728E5001D56F5 /* TTL.swift in Sources */,
				57A27CA21C17910E000DF951 /* Acl.swift in Sources */,
				57E1C3A31C17B3FF00578974 /* Query.swift in Sources */,
				574710301C7B8EDC0096B15F /* KNVDataStore.m in Sources */,
				57A27C9E1C178FB5000DF951 /* Client.swift in Sources */,
				57E7C7A51C504AC500848748 /* Cache.swift in Sources */,
				574912731C5932A700EA4F26 /* WritePolicy.swift in Sources */,
				57BB56B41C4D8D2B00F6B548 /* LocalRequest.swift in Sources */,
				57E1C3A71C17B4F300578974 /* Persistable.swift in Sources */,
				57E7C7AF1C50539200848748 /* Sync.swift in Sources */,
				574B0FAB1C729EC900CDC48F /* SaveOperation.swift in Sources */,
				57E7C7A91C504E7B00848748 /* PendingOperation.swift in Sources */,
				57A27CA41C179118000DF951 /* Metadata.swift in Sources */,
				577C9E781C1F89C700BF49EE /* Credential.swift in Sources */,
				57A2ED8E1C49D20B006D26A9 /* HttpRequest.swift in Sources */,
				57BB56B61C4D8E8400F6B548 /* LocalResponse.swift in Sources */,
				57B0E9501C5FF52200BA984F /* Push.swift in Sources */,
				574912711C59323B00EA4F26 /* DataStoreType.swift in Sources */,
				57E7C7B11C50539C00848748 /* SyncManager.swift in Sources */,
				57A2ED901C49D30B006D26A9 /* Endpoint.swift in Sources */,
				57E1C3B51C18253B00578974 /* JsonResponseParser.swift in Sources */,
				5728212D1C63E0F500373EC8 /* File.swift in Sources */,
				57470FA71C7698B30096B15F /* MultiRequest.swift in Sources */,
				57E7C7A71C504B0900848748 /* CacheManager.swift in Sources */,
				57A27C9C1C178FAC000DF951 /* Kinvey.swift in Sources */,
				57DB87E81C62B0F6002BA684 /* NSData.swift in Sources */,
				57E1C3B11C18156700578974 /* HttpRequestFactory.swift in Sources */,
				57470FAB1C769EF00096B15F /* PurgeOperation.swift in Sources */,
				57E7C7B31C51545900848748 /* ReadPolicy.swift in Sources */,
				57E7C7B71C519FD000848748 /* HttpHeaderCredential.swift in Sources */,
				57E7C7B51C51981400848748 /* RequestType.swift in Sources */,
				57A2ED861C49B9D5006D26A9 /* Response.swift in Sources */,
				574710221C7B89B60096B15F /* Constants.swift in Sources */,
				57C71DC81C3EFBF900B1BEF2 /* Request.swift in Sources */,
				5783B5071C1910B00077F8A6 /* JsonObject.swift in Sources */,
				576E95A41C1FB10700258CC3 /* DataStore.swift in Sources */,
				57A27CA01C178FC0000DF951 /* User.swift in Sources */,
				57A2ED881C49BADD006D26A9 /* HttpResponse.swift in Sources */,
				57403A7D1C4D92E3008ECCD4 /* Error.swift in Sources */,
				574B0FA91C729EB900CDC48F /* FindOperation.swift in Sources */,
				57470FA91C769CAD0096B15F /* PullOperation.swift in Sources */,
				57379DA51C72AAA900E240E9 /* Operation.swift in Sources */,
				57470FA11C76834B0096B15F /* ReadOperation.swift in Sources */,
				57470FA31C76847F0096B15F /* WriteOperation.swift in Sources */,
				574B0FA71C729EAF00CDC48F /* GetOperation.swift in Sources */,
				57470FA51C76926B0096B15F /* PushOperation.swift in Sources */,
				5728213B1C6482C000373EC8 /* NSURLSessionDownloadTaskRequest.swift in Sources */,
				57E1C3B31C1822B100578974 /* ResponseParser.swift in Sources */,
			);
			runOnlyForDeploymentPostprocessing = 0;
		};
		57A27C871C178F18000DF951 /* Sources */ = {
			isa = PBXSourcesBuildPhase;
			buildActionMask = 2147483647;
			files = (
				576E95AD1C20DB7C00258CC3 /* NetworkStoreTests.swift in Sources */,
				574710331C7B9D2A0096B15F /* DataStoreTests.m in Sources */,
				574710361C7B9DFC0096B15F /* Person.m in Sources */,
				5711C46D1C74F52F00073806 /* SaveOperationTest.swift in Sources */,
				57A2ED8A1C49BDAA006D26A9 /* RequestTestCase.swift in Sources */,
				57379DA71C72AE7F00E240E9 /* GetOperationTest.swift in Sources */,
				5753BB3C1C23F29000EB9D3A /* SyncedStoreTests.swift in Sources */,
				576E95AF1C20DC0400258CC3 /* CachedStoreTests.swift in Sources */,
				57E1C3AD1C17EC9500578974 /* UserTests.swift in Sources */,
				57A27C911C178F18000DF951 /* KinveyTestCase.swift in Sources */,
				5706FEC31C1F9A6D0037E7D0 /* StoreTestCase.swift in Sources */,
			);
			runOnlyForDeploymentPostprocessing = 0;
		};
/* End PBXSourcesBuildPhase section */

/* Begin PBXTargetDependency section */
		574B0F331C6E653D00CDC48F /* PBXTargetDependency */ = {
			isa = PBXTargetDependency;
			target = 574B0F2E1C6E652800CDC48F /* KinveyKit */;
			targetProxy = 574B0F321C6E653D00CDC48F /* PBXContainerItemProxy */;
		};
		574F62DC1C6DC61800765760 /* PBXTargetDependency */ = {
			isa = PBXTargetDependency;
			target = 574F62D71C6DC5E500765760 /* MongoDBPredicateAdaptor */;
			targetProxy = 574F62DB1C6DC61800765760 /* PBXContainerItemProxy */;
		};
		57A27C8E1C178F18000DF951 /* PBXTargetDependency */ = {
			isa = PBXTargetDependency;
			target = 57A27C801C178F17000DF951 /* Kinvey */;
			targetProxy = 57A27C8D1C178F18000DF951 /* PBXContainerItemProxy */;
		};
/* End PBXTargetDependency section */

/* Begin XCBuildConfiguration section */
		574B0F301C6E652800CDC48F /* Debug */ = {
			isa = XCBuildConfiguration;
			buildSettings = {
				DEBUGGING_SYMBOLS = YES;
				DEBUG_INFORMATION_FORMAT = dwarf;
				GCC_GENERATE_DEBUGGING_SYMBOLS = YES;
				GCC_OPTIMIZATION_LEVEL = 0;
				OTHER_CFLAGS = "";
				OTHER_LDFLAGS = "";
				PRODUCT_NAME = "$(TARGET_NAME)";
			};
			name = Debug;
		};
		574B0F311C6E652800CDC48F /* Release */ = {
			isa = XCBuildConfiguration;
			buildSettings = {
				DEBUG_INFORMATION_FORMAT = "dwarf-with-dsym";
				OTHER_CFLAGS = "";
				OTHER_LDFLAGS = "";
				PRODUCT_NAME = "$(TARGET_NAME)";
			};
			name = Release;
		};
		574F62D91C6DC5E500765760 /* Debug */ = {
			isa = XCBuildConfiguration;
			buildSettings = {
			};
			name = Debug;
		};
		574F62DA1C6DC5E500765760 /* Release */ = {
			isa = XCBuildConfiguration;
			buildSettings = {
			};
			name = Release;
		};
		577C9E5D1C1CEEC100BF49EE /* Debug */ = {
			isa = XCBuildConfiguration;
			buildSettings = {
			};
			name = Debug;
		};
		577C9E5E1C1CEEC100BF49EE /* Release */ = {
			isa = XCBuildConfiguration;
			buildSettings = {
			};
			name = Release;
		};
		57A27C931C178F18000DF951 /* Debug */ = {
			isa = XCBuildConfiguration;
			buildSettings = {
				ALWAYS_SEARCH_USER_PATHS = NO;
				CLANG_CXX_LANGUAGE_STANDARD = "gnu++0x";
				CLANG_CXX_LIBRARY = "libc++";
				CLANG_ENABLE_MODULES = YES;
				CLANG_ENABLE_OBJC_ARC = YES;
				CLANG_WARN_BOOL_CONVERSION = YES;
				CLANG_WARN_CONSTANT_CONVERSION = YES;
				CLANG_WARN_DIRECT_OBJC_ISA_USAGE = YES_ERROR;
				CLANG_WARN_EMPTY_BODY = YES;
				CLANG_WARN_ENUM_CONVERSION = YES;
				CLANG_WARN_INT_CONVERSION = YES;
				CLANG_WARN_OBJC_ROOT_CLASS = YES_ERROR;
				CLANG_WARN_UNREACHABLE_CODE = YES;
				CLANG_WARN__DUPLICATE_METHOD_MATCH = YES;
				"CODE_SIGN_IDENTITY[sdk=iphoneos*]" = "iPhone Developer";
				COPY_PHASE_STRIP = NO;
				CURRENT_PROJECT_VERSION = 1;
				DEBUG_INFORMATION_FORMAT = dwarf;
				ENABLE_STRICT_OBJC_MSGSEND = YES;
				ENABLE_TESTABILITY = YES;
				GCC_C_LANGUAGE_STANDARD = gnu99;
				GCC_DYNAMIC_NO_PIC = NO;
				GCC_NO_COMMON_BLOCKS = YES;
				GCC_OPTIMIZATION_LEVEL = 0;
				GCC_PREPROCESSOR_DEFINITIONS = (
					"DEBUG=1",
					"$(inherited)",
				);
				GCC_WARN_64_TO_32_BIT_CONVERSION = YES;
				GCC_WARN_ABOUT_RETURN_TYPE = YES_ERROR;
				GCC_WARN_UNDECLARED_SELECTOR = YES;
				GCC_WARN_UNINITIALIZED_AUTOS = YES_AGGRESSIVE;
				GCC_WARN_UNUSED_FUNCTION = YES;
				GCC_WARN_UNUSED_VARIABLE = YES;
				IPHONEOS_DEPLOYMENT_TARGET = 9.2;
				MTL_ENABLE_DEBUG_INFO = YES;
				ONLY_ACTIVE_ARCH = YES;
				SDKROOT = iphoneos;
				SWIFT_OPTIMIZATION_LEVEL = "-Onone";
				TARGETED_DEVICE_FAMILY = "1,2";
				VERSIONING_SYSTEM = "apple-generic";
				VERSION_INFO_PREFIX = "";
			};
			name = Debug;
		};
		57A27C941C178F18000DF951 /* Release */ = {
			isa = XCBuildConfiguration;
			buildSettings = {
				ALWAYS_SEARCH_USER_PATHS = NO;
				CLANG_CXX_LANGUAGE_STANDARD = "gnu++0x";
				CLANG_CXX_LIBRARY = "libc++";
				CLANG_ENABLE_MODULES = YES;
				CLANG_ENABLE_OBJC_ARC = YES;
				CLANG_WARN_BOOL_CONVERSION = YES;
				CLANG_WARN_CONSTANT_CONVERSION = YES;
				CLANG_WARN_DIRECT_OBJC_ISA_USAGE = YES_ERROR;
				CLANG_WARN_EMPTY_BODY = YES;
				CLANG_WARN_ENUM_CONVERSION = YES;
				CLANG_WARN_INT_CONVERSION = YES;
				CLANG_WARN_OBJC_ROOT_CLASS = YES_ERROR;
				CLANG_WARN_UNREACHABLE_CODE = YES;
				CLANG_WARN__DUPLICATE_METHOD_MATCH = YES;
				"CODE_SIGN_IDENTITY[sdk=iphoneos*]" = "iPhone Developer";
				COPY_PHASE_STRIP = NO;
				CURRENT_PROJECT_VERSION = 1;
				DEBUG_INFORMATION_FORMAT = "dwarf-with-dsym";
				ENABLE_NS_ASSERTIONS = NO;
				ENABLE_STRICT_OBJC_MSGSEND = YES;
				GCC_C_LANGUAGE_STANDARD = gnu99;
				GCC_NO_COMMON_BLOCKS = YES;
				GCC_WARN_64_TO_32_BIT_CONVERSION = YES;
				GCC_WARN_ABOUT_RETURN_TYPE = YES_ERROR;
				GCC_WARN_UNDECLARED_SELECTOR = YES;
				GCC_WARN_UNINITIALIZED_AUTOS = YES_AGGRESSIVE;
				GCC_WARN_UNUSED_FUNCTION = YES;
				GCC_WARN_UNUSED_VARIABLE = YES;
				IPHONEOS_DEPLOYMENT_TARGET = 9.2;
				MTL_ENABLE_DEBUG_INFO = NO;
				SDKROOT = iphoneos;
				TARGETED_DEVICE_FAMILY = "1,2";
				VALIDATE_PRODUCT = YES;
				VERSIONING_SYSTEM = "apple-generic";
				VERSION_INFO_PREFIX = "";
			};
			name = Release;
		};
		57A27C961C178F18000DF951 /* Debug */ = {
			isa = XCBuildConfiguration;
			buildSettings = {
				CLANG_ENABLE_MODULES = YES;
				DEFINES_MODULE = YES;
				DYLIB_COMPATIBILITY_VERSION = 1;
				DYLIB_CURRENT_VERSION = 1;
				DYLIB_INSTALL_NAME_BASE = "@rpath";
				EMBEDDED_CONTENT_CONTAINS_SWIFT = YES;
				FRAMEWORK_SEARCH_PATHS = (
					"$(inherited)",
					"$(PROJECT_DIR)Kit/build/Release-universal",
					"$(PROJECT_DIR)/Carthage/Build/iOS",
					"$(PROJECT_DIR)/Dependencies/modules/MongoDBPredicateAdaptor/build/Release-ios",
				);
				INFOPLIST_FILE = Kinvey/Info.plist;
				INSTALL_PATH = "$(LOCAL_LIBRARY_DIR)/Frameworks";
				LD_RUNPATH_SEARCH_PATHS = "$(inherited) @executable_path/Frameworks @loader_path/Frameworks";
				PRODUCT_BUNDLE_IDENTIFIER = com.kinvey.Kinvey;
				PRODUCT_NAME = "$(TARGET_NAME)";
				SKIP_INSTALL = YES;
				SWIFT_OPTIMIZATION_LEVEL = "-Onone";
			};
			name = Debug;
		};
		57A27C971C178F18000DF951 /* Release */ = {
			isa = XCBuildConfiguration;
			buildSettings = {
				CLANG_ENABLE_MODULES = YES;
				DEFINES_MODULE = YES;
				DYLIB_COMPATIBILITY_VERSION = 1;
				DYLIB_CURRENT_VERSION = 1;
				DYLIB_INSTALL_NAME_BASE = "@rpath";
				EMBEDDED_CONTENT_CONTAINS_SWIFT = YES;
				FRAMEWORK_SEARCH_PATHS = (
					"$(inherited)",
					"$(PROJECT_DIR)Kit/build/Release-universal",
					"$(PROJECT_DIR)/Carthage/Build/iOS",
					"$(PROJECT_DIR)/Dependencies/modules/MongoDBPredicateAdaptor/build/Release-ios",
				);
				INFOPLIST_FILE = Kinvey/Info.plist;
				INSTALL_PATH = "$(LOCAL_LIBRARY_DIR)/Frameworks";
				LD_RUNPATH_SEARCH_PATHS = "$(inherited) @executable_path/Frameworks @loader_path/Frameworks";
				PRODUCT_BUNDLE_IDENTIFIER = com.kinvey.Kinvey;
				PRODUCT_NAME = "$(TARGET_NAME)";
				SKIP_INSTALL = YES;
			};
			name = Release;
		};
		57A27C991C178F18000DF951 /* Debug */ = {
			isa = XCBuildConfiguration;
			buildSettings = {
				CLANG_ENABLE_MODULES = YES;
				FRAMEWORK_SEARCH_PATHS = (
					"$(inherited)",
					"$(PROJECT_DIR)Kit/build/Release-universal",
					"$(PROJECT_DIR)/Carthage/Build/iOS",
					"$(PROJECT_DIR)/Dependencies/modules/MongoDBPredicateAdaptor/build/Release-ios",
				);
				INFOPLIST_FILE = KinveyTests/Info.plist;
				LD_RUNPATH_SEARCH_PATHS = "$(inherited) @executable_path/Frameworks @loader_path/Frameworks";
				PRODUCT_BUNDLE_IDENTIFIER = com.kinvey.KinveyTests;
				PRODUCT_NAME = "$(TARGET_NAME)";
				SWIFT_OBJC_BRIDGING_HEADER = "KinveyTests/KinveyTests-Bridging-Header.h";
				SWIFT_OPTIMIZATION_LEVEL = "-Onone";
			};
			name = Debug;
		};
		57A27C9A1C178F18000DF951 /* Release */ = {
			isa = XCBuildConfiguration;
			buildSettings = {
				CLANG_ENABLE_MODULES = YES;
				FRAMEWORK_SEARCH_PATHS = (
					"$(inherited)",
					"$(PROJECT_DIR)Kit/build/Release-universal",
					"$(PROJECT_DIR)/Carthage/Build/iOS",
					"$(PROJECT_DIR)/Dependencies/modules/MongoDBPredicateAdaptor/build/Release-ios",
				);
				INFOPLIST_FILE = KinveyTests/Info.plist;
				LD_RUNPATH_SEARCH_PATHS = "$(inherited) @executable_path/Frameworks @loader_path/Frameworks";
				PRODUCT_BUNDLE_IDENTIFIER = com.kinvey.KinveyTests;
				PRODUCT_NAME = "$(TARGET_NAME)";
				SWIFT_OBJC_BRIDGING_HEADER = "KinveyTests/KinveyTests-Bridging-Header.h";
			};
			name = Release;
		};
/* End XCBuildConfiguration section */

/* Begin XCConfigurationList section */
		574B0F2F1C6E652800CDC48F /* Build configuration list for PBXLegacyTarget "KinveyKit" */ = {
			isa = XCConfigurationList;
			buildConfigurations = (
				574B0F301C6E652800CDC48F /* Debug */,
				574B0F311C6E652800CDC48F /* Release */,
			);
			defaultConfigurationIsVisible = 0;
			defaultConfigurationName = Release;
		};
		574F62D81C6DC5E500765760 /* Build configuration list for PBXLegacyTarget "MongoDBPredicateAdaptor" */ = {
			isa = XCConfigurationList;
			buildConfigurations = (
				574F62D91C6DC5E500765760 /* Debug */,
				574F62DA1C6DC5E500765760 /* Release */,
			);
			defaultConfigurationIsVisible = 0;
			defaultConfigurationName = Release;
		};
		577C9E5C1C1CEEC100BF49EE /* Build configuration list for PBXLegacyTarget "Kinvey-Universal" */ = {
			isa = XCConfigurationList;
			buildConfigurations = (
				577C9E5D1C1CEEC100BF49EE /* Debug */,
				577C9E5E1C1CEEC100BF49EE /* Release */,
			);
			defaultConfigurationIsVisible = 0;
			defaultConfigurationName = Release;
		};
		57A27C7B1C178F17000DF951 /* Build configuration list for PBXProject "Kinvey" */ = {
			isa = XCConfigurationList;
			buildConfigurations = (
				57A27C931C178F18000DF951 /* Debug */,
				57A27C941C178F18000DF951 /* Release */,
			);
			defaultConfigurationIsVisible = 0;
			defaultConfigurationName = Release;
		};
		57A27C951C178F18000DF951 /* Build configuration list for PBXNativeTarget "Kinvey" */ = {
			isa = XCConfigurationList;
			buildConfigurations = (
				57A27C961C178F18000DF951 /* Debug */,
				57A27C971C178F18000DF951 /* Release */,
			);
			defaultConfigurationIsVisible = 0;
			defaultConfigurationName = Release;
		};
		57A27C981C178F18000DF951 /* Build configuration list for PBXNativeTarget "KinveyTests" */ = {
			isa = XCConfigurationList;
			buildConfigurations = (
				57A27C991C178F18000DF951 /* Debug */,
				57A27C9A1C178F18000DF951 /* Release */,
			);
			defaultConfigurationIsVisible = 0;
			defaultConfigurationName = Release;
		};
/* End XCConfigurationList section */
	};
	rootObject = 57A27C781C178F17000DF951 /* Project object */;
}
